// !$*UTF8*$!
{
	archiveVersion = 1;
	classes = {
	};
	objectVersion = 77;
	objects = {

/* Begin PBXBuildFile section */
		1C27514882A36096B397885A /* PlaceholderTests.swift in Sources */ = {isa = PBXBuildFile; fileRef = 2603B7C2F8BE658A2F1869D3 /* PlaceholderTests.swift */; };
		674202788BF9960ADE278F7D /* PersonalOptimizationWatch.app in Embed Watch Content */ = {isa = PBXBuildFile; fileRef = 40D8C43A57A2F3EFD7F5A8BD /* PersonalOptimizationWatch.app */; settings = {ATTRIBUTES = (RemoveHeadersOnCopy, ); }; };
		7147113C2529BB7745FF6914 /* KeychainServiceTests.swift in Sources */ = {isa = PBXBuildFile; fileRef = 7838EE32258FECAA2335A612 /* KeychainServiceTests.swift */; };
		9539BA572E007D3F4BDF9529 /* ErrorBanner.swift in Sources */ = {isa = PBXBuildFile; fileRef = E17A5E10EFA803A2312758C1 /* ErrorBanner.swift */; };
		9D3153BAAA1A6171A07BFCD2 /* PersonalOptimizationWatchApp.swift in Sources */ = {isa = PBXBuildFile; fileRef = 6BB3766332CCC85C5B7A7765 /* PersonalOptimizationWatchApp.swift */; };
		A87525E6F1E5646C4D35C3E2 /* PersonalOptimizationApp.swift in Sources */ = {isa = PBXBuildFile; fileRef = 0C555C5B5591BB50DFF12CF3 /* PersonalOptimizationApp.swift */; };
		C992BFF071290C2800F971FD /* PrivacyInfo.xcprivacy in Resources */ = {isa = PBXBuildFile; fileRef = F8AB7BC817F9F230AE992431 /* PrivacyInfo.xcprivacy */; };
		E292538C81AAC70701EE44CC /* KeychainService.swift in Sources */ = {isa = PBXBuildFile; fileRef = 9FDEFCFC6D24D7AF6DB1D56F /* KeychainService.swift */; };
		F41B28335A6D3E7106DE4A31 /* Logger+Categories.swift in Sources */ = {isa = PBXBuildFile; fileRef = 590EB6B5FFDA108FD89D5FBB /* Logger+Categories.swift */; };
/* End PBXBuildFile section */

/* Begin PBXContainerItemProxy section */
		027B840879AAB6B52F72FA7F /* PBXContainerItemProxy */ = {
			isa = PBXContainerItemProxy;
			containerPortal = 496A0317F23D5B15FD688A31 /* Project object */;
			proxyType = 1;
			remoteGlobalIDString = DCD2789BA57123BBBDA8BB4C;
			remoteInfo = PersonalOptimizationWatch;
		};
		D283EF9CA6CABDC280D0E5D9 /* PBXContainerItemProxy */ = {
			isa = PBXContainerItemProxy;
			containerPortal = 496A0317F23D5B15FD688A31 /* Project object */;
			proxyType = 1;
			remoteGlobalIDString = 692B5EE5792A31D5D1CC07D5;
			remoteInfo = PersonalOptimization;
		};
/* End PBXContainerItemProxy section */

/* Begin PBXCopyFilesBuildPhase section */
		A3E7027785F3BB11BD25EDAF /* Embed Watch Content */ = {
			isa = PBXCopyFilesBuildPhase;
			buildActionMask = 2147483647;
			dstPath = "$(CONTENTS_FOLDER_PATH)/Watch";
			dstSubfolderSpec = 16;
			files = (
				674202788BF9960ADE278F7D /* PersonalOptimizationWatch.app in Embed Watch Content */,
			);
			name = "Embed Watch Content";
			runOnlyForDeploymentPostprocessing = 0;
		};
/* End PBXCopyFilesBuildPhase section */

/* Begin PBXFileReference section */
		0C555C5B5591BB50DFF12CF3 /* PersonalOptimizationApp.swift */ = {isa = PBXFileReference; lastKnownFileType = sourcecode.swift; path = PersonalOptimizationApp.swift; sourceTree = "<group>"; };
		206905E3BDC577894B8FAD18 /* PersonalOptimizationTests.xctest */ = {isa = PBXFileReference; includeInIndex = 0; lastKnownFileType = wrapper.cfbundle; path = PersonalOptimizationTests.xctest; sourceTree = BUILT_PRODUCTS_DIR; };
		2603B7C2F8BE658A2F1869D3 /* PlaceholderTests.swift */ = {isa = PBXFileReference; lastKnownFileType = sourcecode.swift; path = PlaceholderTests.swift; sourceTree = "<group>"; };
		40D8C43A57A2F3EFD7F5A8BD /* PersonalOptimizationWatch.app */ = {isa = PBXFileReference; explicitFileType = wrapper.application; includeInIndex = 0; path = PersonalOptimizationWatch.app; sourceTree = BUILT_PRODUCTS_DIR; };
		45B10FAC14B0FE5A66B6567D /* Info.plist */ = {isa = PBXFileReference; lastKnownFileType = text.plist; path = Info.plist; sourceTree = "<group>"; };
		590EB6B5FFDA108FD89D5FBB /* Logger+Categories.swift */ = {isa = PBXFileReference; lastKnownFileType = sourcecode.swift; path = "Logger+Categories.swift"; sourceTree = "<group>"; };
		6BB3766332CCC85C5B7A7765 /* PersonalOptimizationWatchApp.swift */ = {isa = PBXFileReference; lastKnownFileType = sourcecode.swift; path = PersonalOptimizationWatchApp.swift; sourceTree = "<group>"; };
		6CF9747FFFE5089E9B33D74F /* PersonalOptimizationWatch.entitlements */ = {isa = PBXFileReference; lastKnownFileType = text.plist.entitlements; path = PersonalOptimizationWatch.entitlements; sourceTree = "<group>"; };
		7838EE32258FECAA2335A612 /* KeychainServiceTests.swift */ = {isa = PBXFileReference; lastKnownFileType = sourcecode.swift; path = KeychainServiceTests.swift; sourceTree = "<group>"; };
		9FDEFCFC6D24D7AF6DB1D56F /* KeychainService.swift */ = {isa = PBXFileReference; lastKnownFileType = sourcecode.swift; path = KeychainService.swift; sourceTree = "<group>"; };
		B68F807399134D4E375D023D /* PersonalOptimization.app */ = {isa = PBXFileReference; includeInIndex = 0; lastKnownFileType = wrapper.application; path = PersonalOptimization.app; sourceTree = BUILT_PRODUCTS_DIR; };
		D1B2C04F97651585073980FF /* PersonalOptimization.entitlements */ = {isa = PBXFileReference; lastKnownFileType = text.plist.entitlements; path = PersonalOptimization.entitlements; sourceTree = "<group>"; };
		E17A5E10EFA803A2312758C1 /* ErrorBanner.swift */ = {isa = PBXFileReference; lastKnownFileType = sourcecode.swift; path = ErrorBanner.swift; sourceTree = "<group>"; };
		EFE07D74DECEAE97388D869D /* Info.plist */ = {isa = PBXFileReference; lastKnownFileType = text.plist; path = Info.plist; sourceTree = "<group>"; };
		F8AB7BC817F9F230AE992431 /* PrivacyInfo.xcprivacy */ = {isa = PBXFileReference; path = PrivacyInfo.xcprivacy; sourceTree = "<group>"; };
/* End PBXFileReference section */

/* Begin PBXGroup section */
		1F9F3C1E1CF2920C51985F65 /* Products */ = {
			isa = PBXGroup;
			children = (
				B68F807399134D4E375D023D /* PersonalOptimization.app */,
				206905E3BDC577894B8FAD18 /* PersonalOptimizationTests.xctest */,
				40D8C43A57A2F3EFD7F5A8BD /* PersonalOptimizationWatch.app */,
			);
			name = Products;
			sourceTree = "<group>";
		};
		35549F935C6A83DE7059536F /* PersonalOptimizationWatch */ = {
			isa = PBXGroup;
			children = (
				EFE07D74DECEAE97388D869D /* Info.plist */,
				6CF9747FFFE5089E9B33D74F /* PersonalOptimizationWatch.entitlements */,
				6BB3766332CCC85C5B7A7765 /* PersonalOptimizationWatchApp.swift */,
			);
			path = PersonalOptimizationWatch;
			sourceTree = "<group>";
		};
		3B387C0A749A64273FAACABC /* Components */ = {
			isa = PBXGroup;
			children = (
				E17A5E10EFA803A2312758C1 /* ErrorBanner.swift */,
			);
			path = Components;
			sourceTree = "<group>";
		};
		5E8DF68DB309BD5D61DC4539 /* PersonalOptimization */ = {
			isa = PBXGroup;
			children = (
				3B387C0A749A64273FAACABC /* Components */,
				AC02FBE062E9CAD640CD2583 /* Services */,
				45B10FAC14B0FE5A66B6567D /* Info.plist */,
				D1B2C04F97651585073980FF /* PersonalOptimization.entitlements */,
				0C555C5B5591BB50DFF12CF3 /* PersonalOptimizationApp.swift */,
				F8AB7BC817F9F230AE992431 /* PrivacyInfo.xcprivacy */,
			);
			path = PersonalOptimization;
			sourceTree = "<group>";
		};
		A9D5B3F6F4641C800970D7BC /* Services */ = {
			isa = PBXGroup;
			children = (
				7838EE32258FECAA2335A612 /* KeychainServiceTests.swift */,
			);
			path = Services;
			sourceTree = "<group>";
		};
		AC02FBE062E9CAD640CD2583 /* Services */ = {
			isa = PBXGroup;
			children = (
				9FDEFCFC6D24D7AF6DB1D56F /* KeychainService.swift */,
				590EB6B5FFDA108FD89D5FBB /* Logger+Categories.swift */,
			);
			path = Services;
			sourceTree = "<group>";
		};
		E0A6BB99B8ACB10746F14909 = {
			isa = PBXGroup;
			children = (
				5E8DF68DB309BD5D61DC4539 /* PersonalOptimization */,
				E7EB987FEDBF768594B0919B /* PersonalOptimizationTests */,
				35549F935C6A83DE7059536F /* PersonalOptimizationWatch */,
				1F9F3C1E1CF2920C51985F65 /* Products */,
			);
			sourceTree = "<group>";
		};
		E7EB987FEDBF768594B0919B /* PersonalOptimizationTests */ = {
			isa = PBXGroup;
			children = (
				A9D5B3F6F4641C800970D7BC /* Services */,
				2603B7C2F8BE658A2F1869D3 /* PlaceholderTests.swift */,
			);
			path = PersonalOptimizationTests;
			sourceTree = "<group>";
		};
/* End PBXGroup section */

/* Begin PBXNativeTarget section */
		64278B1349F1AAB7E16AFDA2 /* PersonalOptimizationTests */ = {
			isa = PBXNativeTarget;
			buildConfigurationList = 84E3FFD5ED06C9E311939903 /* Build configuration list for PBXNativeTarget "PersonalOptimizationTests" */;
			buildPhases = (
				1A4580FB4D3CFEF58F93428A /* Sources */,
			);
			buildRules = (
			);
			dependencies = (
				4265F0E1DDE2125AACBF326C /* PBXTargetDependency */,
			);
			name = PersonalOptimizationTests;
			packageProductDependencies = (
			);
			productName = PersonalOptimizationTests;
			productReference = 206905E3BDC577894B8FAD18 /* PersonalOptimizationTests.xctest */;
			productType = "com.apple.product-type.bundle.unit-test";
		};
		692B5EE5792A31D5D1CC07D5 /* PersonalOptimization */ = {
			isa = PBXNativeTarget;
			buildConfigurationList = ABE87E7E2E3752C1B515918E /* Build configuration list for PBXNativeTarget "PersonalOptimization" */;
			buildPhases = (
				A86DBD89BDAC1C5FE5B4E848 /* Sources */,
				2653562709E5D7B6445ACB45 /* Resources */,
				A3E7027785F3BB11BD25EDAF /* Embed Watch Content */,
			);
			buildRules = (
			);
			dependencies = (
				EAF5245197FC40D59293151A /* PBXTargetDependency */,
			);
			name = PersonalOptimization;
			packageProductDependencies = (
			);
			productName = PersonalOptimization;
			productReference = B68F807399134D4E375D023D /* PersonalOptimization.app */;
			productType = "com.apple.product-type.application";
		};
		DCD2789BA57123BBBDA8BB4C /* PersonalOptimizationWatch */ = {
			isa = PBXNativeTarget;
			buildConfigurationList = F8A3EBCC47C77D4F2AE6D2EC /* Build configuration list for PBXNativeTarget "PersonalOptimizationWatch" */;
			buildPhases = (
				D2804951180085534DEF7FAD /* Sources */,
			);
			buildRules = (
			);
			dependencies = (
			);
			name = PersonalOptimizationWatch;
			packageProductDependencies = (
			);
			productName = PersonalOptimizationWatch;
			productReference = 40D8C43A57A2F3EFD7F5A8BD /* PersonalOptimizationWatch.app */;
			productType = "com.apple.product-type.application";
		};
/* End PBXNativeTarget section */

/* Begin PBXProject section */
		496A0317F23D5B15FD688A31 /* Project object */ = {
			isa = PBXProject;
			attributes = {
				BuildIndependentTargetsInParallel = YES;
				LastUpgradeCheck = 2640;
				TargetAttributes = {
					64278B1349F1AAB7E16AFDA2 = {
						DevelopmentTeam = "";
						ProvisioningStyle = Automatic;
					};
					692B5EE5792A31D5D1CC07D5 = {
						DevelopmentTeam = "";
						ProvisioningStyle = Automatic;
					};
					DCD2789BA57123BBBDA8BB4C = {
						DevelopmentTeam = "";
						ProvisioningStyle = Automatic;
					};
				};
			};
			buildConfigurationList = A86BBB99E5EB2EC35292FB0B /* Build configuration list for PBXProject "PersonalOptimization" */;
			developmentRegion = en;
			hasScannedForEncodings = 0;
			knownRegions = (
				Base,
				en,
			);
			mainGroup = E0A6BB99B8ACB10746F14909;
			minimizedProjectReferenceProxies = 1;
			preferredProjectObjectVersion = 77;
			productRefGroup = 1F9F3C1E1CF2920C51985F65 /* Products */;
			projectDirPath = "";
			projectRoot = "";
			targets = (
				692B5EE5792A31D5D1CC07D5 /* PersonalOptimization */,
				64278B1349F1AAB7E16AFDA2 /* PersonalOptimizationTests */,
				DCD2789BA57123BBBDA8BB4C /* PersonalOptimizationWatch */,
			);
		};
/* End PBXProject section */

/* Begin PBXResourcesBuildPhase section */
		2653562709E5D7B6445ACB45 /* Resources */ = {
			isa = PBXResourcesBuildPhase;
			buildActionMask = 2147483647;
			files = (
				C992BFF071290C2800F971FD /* PrivacyInfo.xcprivacy in Resources */,
			);
			runOnlyForDeploymentPostprocessing = 0;
		};
/* End PBXResourcesBuildPhase section */

/* Begin PBXSourcesBuildPhase section */
		1A4580FB4D3CFEF58F93428A /* Sources */ = {
			isa = PBXSourcesBuildPhase;
			buildActionMask = 2147483647;
			files = (
				7147113C2529BB7745FF6914 /* KeychainServiceTests.swift in Sources */,
				1C27514882A36096B397885A /* PlaceholderTests.swift in Sources */,
			);
			runOnlyForDeploymentPostprocessing = 0;
		};
		A86DBD89BDAC1C5FE5B4E848 /* Sources */ = {
			isa = PBXSourcesBuildPhase;
			buildActionMask = 2147483647;
			files = (
				9539BA572E007D3F4BDF9529 /* ErrorBanner.swift in Sources */,
				E292538C81AAC70701EE44CC /* KeychainService.swift in Sources */,
				F41B28335A6D3E7106DE4A31 /* Logger+Categories.swift in Sources */,
				A87525E6F1E5646C4D35C3E2 /* PersonalOptimizationApp.swift in Sources */,
			);
			runOnlyForDeploymentPostprocessing = 0;
		};
		D2804951180085534DEF7FAD /* Sources */ = {
			isa = PBXSourcesBuildPhase;
			buildActionMask = 2147483647;
			files = (
				9D3153BAAA1A6171A07BFCD2 /* PersonalOptimizationWatchApp.swift in Sources */,
			);
			runOnlyForDeploymentPostprocessing = 0;
		};
/* End PBXSourcesBuildPhase section */

/* Begin PBXTargetDependency section */
		4265F0E1DDE2125AACBF326C /* PBXTargetDependency */ = {
			isa = PBXTargetDependency;
			target = 692B5EE5792A31D5D1CC07D5 /* PersonalOptimization */;
			targetProxy = D283EF9CA6CABDC280D0E5D9 /* PBXContainerItemProxy */;
		};
		EAF5245197FC40D59293151A /* PBXTargetDependency */ = {
			isa = PBXTargetDependency;
			target = DCD2789BA57123BBBDA8BB4C /* PersonalOptimizationWatch */;
			targetProxy = 027B840879AAB6B52F72FA7F /* PBXContainerItemProxy */;
		};
/* End PBXTargetDependency section */

/* Begin XCBuildConfiguration section */
		0737A696C570E3AC64F21CFE /* Release */ = {
			isa = XCBuildConfiguration;
			buildSettings = {
				ALWAYS_SEARCH_USER_PATHS = NO;
				CLANG_ANALYZER_NONNULL = YES;
				CLANG_ANALYZER_NUMBER_OBJECT_CONVERSION = YES_AGGRESSIVE;
				CLANG_CXX_LANGUAGE_STANDARD = "gnu++14";
				CLANG_CXX_LIBRARY = "libc++";
				CLANG_ENABLE_MODULES = YES;
				CLANG_ENABLE_OBJC_ARC = YES;
				CLANG_ENABLE_OBJC_WEAK = YES;
				CLANG_WARN_BLOCK_CAPTURE_AUTORELEASING = YES;
				CLANG_WARN_BOOL_CONVERSION = YES;
				CLANG_WARN_COMMA = YES;
				CLANG_WARN_CONSTANT_CONVERSION = YES;
				CLANG_WARN_DEPRECATED_OBJC_IMPLEMENTATIONS = YES;
				CLANG_WARN_DIRECT_OBJC_ISA_USAGE = YES_ERROR;
				CLANG_WARN_DOCUMENTATION_COMMENTS = YES;
				CLANG_WARN_EMPTY_BODY = YES;
				CLANG_WARN_ENUM_CONVERSION = YES;
				CLANG_WARN_INFINITE_RECURSION = YES;
				CLANG_WARN_INT_CONVERSION = YES;
				CLANG_WARN_NON_LITERAL_NULL_CONVERSION = YES;
				CLANG_WARN_OBJC_IMPLICIT_RETAIN_SELF = YES;
				CLANG_WARN_OBJC_LITERAL_CONVERSION = YES;
				CLANG_WARN_OBJC_ROOT_CLASS = YES_ERROR;
				CLANG_WARN_QUOTED_INCLUDE_IN_FRAMEWORK_HEADER = YES;
				CLANG_WARN_RANGE_LOOP_ANALYSIS = YES;
				CLANG_WARN_STRICT_PROTOTYPES = YES;
				CLANG_WARN_SUSPICIOUS_MOVE = YES;
				CLANG_WARN_UNGUARDED_AVAILABILITY = YES_AGGRESSIVE;
				CLANG_WARN_UNREACHABLE_CODE = YES;
				CLANG_WARN__DUPLICATE_METHOD_MATCH = YES;
				CODE_SIGN_STYLE = Automatic;
				COPY_PHASE_STRIP = NO;
				CURRENT_PROJECT_VERSION = 1;
				DEAD_CODE_STRIPPING = YES;
				DEBUG_INFORMATION_FORMAT = "dwarf-with-dsym";
				DEVELOPMENT_TEAM = "";
				ENABLE_NS_ASSERTIONS = NO;
				ENABLE_STRICT_OBJC_MSGSEND = YES;
				ENABLE_USER_SCRIPT_SANDBOXING = YES;
				GCC_C_LANGUAGE_STANDARD = gnu11;
				GCC_NO_COMMON_BLOCKS = YES;
				GCC_TREAT_WARNINGS_AS_ERRORS = YES;
				GCC_WARN_64_TO_32_BIT_CONVERSION = YES;
				GCC_WARN_ABOUT_RETURN_TYPE = YES_ERROR;
				GCC_WARN_UNDECLARED_SELECTOR = YES;
				GCC_WARN_UNINITIALIZED_AUTOS = YES_AGGRESSIVE;
				GCC_WARN_UNUSED_FUNCTION = YES;
				GCC_WARN_UNUSED_VARIABLE = YES;
				IPHONEOS_DEPLOYMENT_TARGET = 18.0;
				MARKETING_VERSION = 1.0;
				MTL_ENABLE_DEBUG_INFO = NO;
				MTL_FAST_MATH = YES;
				PRODUCT_NAME = "$(TARGET_NAME)";
				SWIFT_COMPILATION_MODE = wholemodule;
				SWIFT_OPTIMIZATION_LEVEL = "-O";
				SWIFT_STRICT_CONCURRENCY = complete;
				SWIFT_TREAT_WARNINGS_AS_ERRORS = YES;
				SWIFT_VERSION = 6.0;
				VALIDATE_PRODUCT = YES;
				WATCHOS_DEPLOYMENT_TARGET = 11.0;
			};
			name = Release;
		};
		0FE182FD128CBCA912D6043C /* Debug */ = {
			isa = XCBuildConfiguration;
			buildSettings = {
				BUNDLE_LOADER = "$(TEST_HOST)";
				GENERATE_INFOPLIST_FILE = YES;
				IPHONEOS_DEPLOYMENT_TARGET = 18.0;
				LD_RUNPATH_SEARCH_PATHS = (
					"$(inherited)",
					"@executable_path/Frameworks",
					"@loader_path/Frameworks",
				);
				PRODUCT_BUNDLE_IDENTIFIER = com.rawlins.PersonalOptimization.tests;
				SDKROOT = iphoneos;
				SWIFT_TREAT_WARNINGS_AS_ERRORS = NO;
				TARGETED_DEVICE_FAMILY = "1,2";
				TEST_HOST = "$(BUILT_PRODUCTS_DIR)/PersonalOptimization.app/PersonalOptimization";
			};
			name = Debug;
		};
		4E55B9C9CED84F1544C4ACAF /* Debug */ = {
			isa = XCBuildConfiguration;
			buildSettings = {
				ASSETCATALOG_COMPILER_APPICON_NAME = AppIcon;
				ASSETCATALOG_COMPILER_GLOBAL_ACCENT_COLOR_NAME = AccentColor;
				CODE_SIGN_ENTITLEMENTS = PersonalOptimization/PersonalOptimization.entitlements;
				CODE_SIGN_IDENTITY = "iPhone Developer";
				DEVELOPMENT_ASSET_PATHS = "";
				ENABLE_PREVIEWS = YES;
				INFOPLIST_FILE = PersonalOptimization/Info.plist;
				IPHONEOS_DEPLOYMENT_TARGET = 18.0;
				LD_RUNPATH_SEARCH_PATHS = (
					"$(inherited)",
					"@executable_path/Frameworks",
				);
				PRODUCT_BUNDLE_IDENTIFIER = com.rawlins.PersonalOptimization;
				SDKROOT = iphoneos;
				SUPPORTS_MACCATALYST = NO;
				SUPPORTS_XR_DESIGNED_FOR_IPHONE_IPAD = NO;
				TARGETED_DEVICE_FAMILY = 1;
			};
			name = Debug;
		};
		60CC56962CCE04EE9F3E6DAD /* Debug */ = {
			isa = XCBuildConfiguration;
			buildSettings = {
				ALWAYS_SEARCH_USER_PATHS = NO;
				CLANG_ANALYZER_NONNULL = YES;
				CLANG_ANALYZER_NUMBER_OBJECT_CONVERSION = YES_AGGRESSIVE;
				CLANG_CXX_LANGUAGE_STANDARD = "gnu++14";
				CLANG_CXX_LIBRARY = "libc++";
				CLANG_ENABLE_MODULES = YES;
				CLANG_ENABLE_OBJC_ARC = YES;
				CLANG_ENABLE_OBJC_WEAK = YES;
				CLANG_WARN_BLOCK_CAPTURE_AUTORELEASING = YES;
				CLANG_WARN_BOOL_CONVERSION = YES;
				CLANG_WARN_COMMA = YES;
				CLANG_WARN_CONSTANT_CONVERSION = YES;
				CLANG_WARN_DEPRECATED_OBJC_IMPLEMENTATIONS = YES;
				CLANG_WARN_DIRECT_OBJC_ISA_USAGE = YES_ERROR;
				CLANG_WARN_DOCUMENTATION_COMMENTS = YES;
				CLANG_WARN_EMPTY_BODY = YES;
				CLANG_WARN_ENUM_CONVERSION = YES;
				CLANG_WARN_INFINITE_RECURSION = YES;
				CLANG_WARN_INT_CONVERSION = YES;
				CLANG_WARN_NON_LITERAL_NULL_CONVERSION = YES;
				CLANG_WARN_OBJC_IMPLICIT_RETAIN_SELF = YES;
				CLANG_WARN_OBJC_LITERAL_CONVERSION = YES;
				CLANG_WARN_OBJC_ROOT_CLASS = YES_ERROR;
				CLANG_WARN_QUOTED_INCLUDE_IN_FRAMEWORK_HEADER = YES;
				CLANG_WARN_RANGE_LOOP_ANALYSIS = YES;
				CLANG_WARN_STRICT_PROTOTYPES = YES;
				CLANG_WARN_SUSPICIOUS_MOVE = YES;
				CLANG_WARN_UNGUARDED_AVAILABILITY = YES_AGGRESSIVE;
				CLANG_WARN_UNREACHABLE_CODE = YES;
				CLANG_WARN__DUPLICATE_METHOD_MATCH = YES;
				CODE_SIGN_STYLE = Automatic;
				COPY_PHASE_STRIP = NO;
				CURRENT_PROJECT_VERSION = 1;
				DEAD_CODE_STRIPPING = YES;
				DEBUG_INFORMATION_FORMAT = dwarf;
				DEVELOPMENT_TEAM = "";
				ENABLE_STRICT_OBJC_MSGSEND = YES;
				ENABLE_TESTABILITY = YES;
				ENABLE_USER_SCRIPT_SANDBOXING = YES;
				GCC_C_LANGUAGE_STANDARD = gnu11;
				GCC_DYNAMIC_NO_PIC = NO;
				GCC_NO_COMMON_BLOCKS = YES;
				GCC_OPTIMIZATION_LEVEL = 0;
				GCC_PREPROCESSOR_DEFINITIONS = (
					"$(inherited)",
					"DEBUG=1",
				);
				GCC_TREAT_WARNINGS_AS_ERRORS = YES;
				GCC_WARN_64_TO_32_BIT_CONVERSION = YES;
				GCC_WARN_ABOUT_RETURN_TYPE = YES_ERROR;
				GCC_WARN_UNDECLARED_SELECTOR = YES;
				GCC_WARN_UNINITIALIZED_AUTOS = YES_AGGRESSIVE;
				GCC_WARN_UNUSED_FUNCTION = YES;
				GCC_WARN_UNUSED_VARIABLE = YES;
				IPHONEOS_DEPLOYMENT_TARGET = 18.0;
				MARKETING_VERSION = 1.0;
				MTL_ENABLE_DEBUG_INFO = INCLUDE_SOURCE;
				MTL_FAST_MATH = YES;
				ONLY_ACTIVE_ARCH = YES;
				PRODUCT_NAME = "$(TARGET_NAME)";
				SWIFT_ACTIVE_COMPILATION_CONDITIONS = DEBUG;
				SWIFT_OPTIMIZATION_LEVEL = "-Onone";
				SWIFT_STRICT_CONCURRENCY = complete;
				SWIFT_TREAT_WARNINGS_AS_ERRORS = YES;
				SWIFT_VERSION = 6.0;
				WATCHOS_DEPLOYMENT_TARGET = 11.0;
			};
			name = Debug;
		};
		816C6F9E96881B65C0550D1A /* Debug */ = {
			isa = XCBuildConfiguration;
			buildSettings = {
				ASSETCATALOG_COMPILER_APPICON_NAME = AppIcon;
				ASSETCATALOG_COMPILER_GLOBAL_ACCENT_COLOR_NAME = AccentColor;
				CODE_SIGN_ENTITLEMENTS = PersonalOptimizationWatch/PersonalOptimizationWatch.entitlements;
				ENABLE_PREVIEWS = YES;
				INFOPLIST_FILE = PersonalOptimizationWatch/Info.plist;
				PRODUCT_BUNDLE_IDENTIFIER = com.rawlins.PersonalOptimization.watchkitapp;
				SDKROOT = watchos;
				SKIP_INSTALL = YES;
				TARGETED_DEVICE_FAMILY = 4;
				WATCHOS_DEPLOYMENT_TARGET = 11.0;
			};
			name = Debug;
		};
		C50F31727E073AB22839413A /* Release */ = {
			isa = XCBuildConfiguration;
			buildSettings = {
				BUNDLE_LOADER = "$(TEST_HOST)";
				GENERATE_INFOPLIST_FILE = YES;
				IPHONEOS_DEPLOYMENT_TARGET = 18.0;
				LD_RUNPATH_SEARCH_PATHS = (
					"$(inherited)",
					"@executable_path/Frameworks",
					"@loader_path/Frameworks",
				);
				PRODUCT_BUNDLE_IDENTIFIER = com.rawlins.PersonalOptimization.tests;
				SDKROOT = iphoneos;
				SWIFT_TREAT_WARNINGS_AS_ERRORS = NO;
				TARGETED_DEVICE_FAMILY = "1,2";
				TEST_HOST = "$(BUILT_PRODUCTS_DIR)/PersonalOptimization.app/PersonalOptimization";
			};
			name = Release;
		};
		CE2C8458D07EA75B2E169170 /* Release */ = {
			isa = XCBuildConfiguration;
			buildSettings = {
				ASSETCATALOG_COMPILER_APPICON_NAME = AppIcon;
				ASSETCATALOG_COMPILER_GLOBAL_ACCENT_COLOR_NAME = AccentColor;
				CODE_SIGN_ENTITLEMENTS = PersonalOptimizationWatch/PersonalOptimizationWatch.entitlements;
				ENABLE_PREVIEWS = YES;
				INFOPLIST_FILE = PersonalOptimizationWatch/Info.plist;
				PRODUCT_BUNDLE_IDENTIFIER = com.rawlins.PersonalOptimization.watchkitapp;
				SDKROOT = watchos;
				SKIP_INSTALL = YES;
				TARGETED_DEVICE_FAMILY = 4;
				WATCHOS_DEPLOYMENT_TARGET = 11.0;
			};
			name = Release;
		};
		D42FBC938B0FBC4D9B78E4E5 /* Release */ = {
			isa = XCBuildConfiguration;
			buildSettings = {
				ASSETCATALOG_COMPILER_APPICON_NAME = AppIcon;
				ASSETCATALOG_COMPILER_GLOBAL_ACCENT_COLOR_NAME = AccentColor;
				CODE_SIGN_ENTITLEMENTS = PersonalOptimization/PersonalOptimization.entitlements;
				CODE_SIGN_IDENTITY = "iPhone Developer";
				DEVELOPMENT_ASSET_PATHS = "";
				ENABLE_PREVIEWS = YES;
				INFOPLIST_FILE = PersonalOptimization/Info.plist;
				IPHONEOS_DEPLOYMENT_TARGET = 18.0;
				LD_RUNPATH_SEARCH_PATHS = (
					"$(inherited)",
					"@executable_path/Frameworks",
				);
				PRODUCT_BUNDLE_IDENTIFIER = com.rawlins.PersonalOptimization;
				SDKROOT = iphoneos;
				SUPPORTS_MACCATALYST = NO;
				SUPPORTS_XR_DESIGNED_FOR_IPHONE_IPAD = NO;
				TARGETED_DEVICE_FAMILY = 1;
			};
			name = Release;
		};
/* End XCBuildConfiguration section */

/* Begin XCConfigurationList section */
		84E3FFD5ED06C9E311939903 /* Build configuration list for PBXNativeTarget "PersonalOptimizationTests" */ = {
			isa = XCConfigurationList;
			buildConfigurations = (
				0FE182FD128CBCA912D6043C /* Debug */,
				C50F31727E073AB22839413A /* Release */,
			);
			defaultConfigurationIsVisible = 0;
			defaultConfigurationName = Debug;
		};
		A86BBB99E5EB2EC35292FB0B /* Build configuration list for PBXProject "PersonalOptimization" */ = {
			isa = XCConfigurationList;
			buildConfigurations = (
				60CC56962CCE04EE9F3E6DAD /* Debug */,
				0737A696C570E3AC64F21CFE /* Release */,
			);
			defaultConfigurationIsVisible = 0;
			defaultConfigurationName = Debug;
		};
		ABE87E7E2E3752C1B515918E /* Build configuration list for PBXNativeTarget "PersonalOptimization" */ = {
			isa = XCConfigurationList;
			buildConfigurations = (
				4E55B9C9CED84F1544C4ACAF /* Debug */,
				D42FBC938B0FBC4D9B78E4E5 /* Release */,
			);
			defaultConfigurationIsVisible = 0;
			defaultConfigurationName = Debug;
		};
		F8A3EBCC47C77D4F2AE6D2EC /* Build configuration list for PBXNativeTarget "PersonalOptimizationWatch" */ = {
			isa = XCConfigurationList;
			buildConfigurations = (
				816C6F9E96881B65C0550D1A /* Debug */,
				CE2C8458D07EA75B2E169170 /* Release */,
			);
			defaultConfigurationIsVisible = 0;
			defaultConfigurationName = Debug;
		};
/* End XCConfigurationList section */
	};
	rootObject = 496A0317F23D5B15FD688A31 /* Project object */;
}
