// !$*UTF8*$!
{
	archiveVersion = 1;
	classes = {
	};
	objectVersion = 77;
	objects = {

/* Begin PBXBuildFile section */
		00BF11AABDECB9D5FBBA77EB /* CharacterStateLog.swift in Sources */ = {isa = PBXBuildFile; fileRef = 1584E714556DEC27402B9AB6 /* CharacterStateLog.swift */; };
		0219D980D61AE2BF8658934C /* SchemaV1.swift in Sources */ = {isa = PBXBuildFile; fileRef = 3C21B1F183A1B8E72B77E9EE /* SchemaV1.swift */; };
		02F1C19855528D0014BA2283 /* LearningStreak.swift in Sources */ = {isa = PBXBuildFile; fileRef = 1C76FC65651FC3C15C1D8DB0 /* LearningStreak.swift */; };
		04711B71F53D38C5B330FC4D /* BasketballSession.swift in Sources */ = {isa = PBXBuildFile; fileRef = 40B79B0DE348C5B10A3C13DA /* BasketballSession.swift */; };
		0C496AA97A7A343CB905C178 /* UserProfile.swift in Sources */ = {isa = PBXBuildFile; fileRef = 9362B1483E3ECAB8A31BCA9C /* UserProfile.swift */; };
		0DB87612ACCE386EC13E771C /* default_schedule.json in Resources */ = {isa = PBXBuildFile; fileRef = 82221D5BC1BA379932EC9A6A /* default_schedule.json */; };
		1010CD77E02850FD282ED7A5 /* LiftSession.swift in Sources */ = {isa = PBXBuildFile; fileRef = 177EF30368767AF7EBD3F9D1 /* LiftSession.swift */; };
		112CF695517D31A1E87892F7 /* ScheduleSeed.swift in Sources */ = {isa = PBXBuildFile; fileRef = ED2D23DD34DD2309E97F4747 /* ScheduleSeed.swift */; };
		13472C39166401253FC4630C /* ScheduleSeedTests.swift in Sources */ = {isa = PBXBuildFile; fileRef = 1D07E40975A5EFFC26755ECF /* ScheduleSeedTests.swift */; };
		1AE5576A4F2426A5015B7C36 /* PersonalOptimizationWatchComplications.appex in Embed Foundation Extensions */ = {isa = PBXBuildFile; fileRef = E46D2FE0AD37E504371C8F05 /* PersonalOptimizationWatchComplications.appex */; settings = {ATTRIBUTES = (RemoveHeadersOnCopy, ); }; };
		1C27514882A36096B397885A /* PlaceholderTests.swift in Sources */ = {isa = PBXBuildFile; fileRef = 2603B7C2F8BE658A2F1869D3 /* PlaceholderTests.swift */; };
		2011D16E82C404E75BD21390 /* Logger+Categories.swift in Sources */ = {isa = PBXBuildFile; fileRef = 590EB6B5FFDA108FD89D5FBB /* Logger+Categories.swift */; };
		2732AB89C3CA4CA9A702EE98 /* ProtocolEntry.swift in Sources */ = {isa = PBXBuildFile; fileRef = 2F30C85E85590C6112D02188 /* ProtocolEntry.swift */; };
		2B950ADB27E765EFDD1276C8 /* ScheduleSeed.swift in Sources */ = {isa = PBXBuildFile; fileRef = ED2D23DD34DD2309E97F4747 /* ScheduleSeed.swift */; };
		36D95A9B354F48B865EFA9F0 /* TodayView.swift in Sources */ = {isa = PBXBuildFile; fileRef = 5B4A1D03EFC9DE01812670DF /* TodayView.swift */; };
		3910CFFAEF639E97C5F2F8B4 /* LabDraw.swift in Sources */ = {isa = PBXBuildFile; fileRef = 3A4985E865B7FE2268CC0631 /* LabDraw.swift */; };
		39803EA851C039EFCE0CAED6 /* PerformanceTests.swift in Sources */ = {isa = PBXBuildFile; fileRef = 62C8F58A99782B66ECCDFCB5 /* PerformanceTests.swift */; };
		3D1E11A0B19547AE3605B9ED /* AdminTask.swift in Sources */ = {isa = PBXBuildFile; fileRef = 6961232791C8824387CFFBCE /* AdminTask.swift */; };
		445E79CE78180CE5E6ABE007 /* PomodoroSession.swift in Sources */ = {isa = PBXBuildFile; fileRef = 6FBC6A799A4179DC17D2A708 /* PomodoroSession.swift */; };
		46B1D4A79F4C21DBD433FC63 /* ScheduleBlock.swift in Sources */ = {isa = PBXBuildFile; fileRef = C3F31266DF504D0F540B369D /* ScheduleBlock.swift */; };
		497B2D2C8A6376B1BA12FDFE /* ScheduleService.swift in Sources */ = {isa = PBXBuildFile; fileRef = 823154A880207FCF1C483BA8 /* ScheduleService.swift */; };
		49CD1909348DFA4995F5963F /* ScheduleService.swift in Sources */ = {isa = PBXBuildFile; fileRef = 823154A880207FCF1C483BA8 /* ScheduleService.swift */; };
		4A2600F097C24352AED6AF0E /* DailyLog.swift in Sources */ = {isa = PBXBuildFile; fileRef = 92DC0582F729F67ECB583C5E /* DailyLog.swift */; };
		4AB094B82026550D98B3B435 /* CurrentBlockComplication.swift in Sources */ = {isa = PBXBuildFile; fileRef = 64C01CAA4C1C9882EA8BCA48 /* CurrentBlockComplication.swift */; };
		4AE821E82E7DA57310650A7B /* Logger+Categories.swift in Sources */ = {isa = PBXBuildFile; fileRef = 590EB6B5FFDA108FD89D5FBB /* Logger+Categories.swift */; };
		4B992282A2FFFCD8C4CBF0FA /* JSONExportService.swift in Sources */ = {isa = PBXBuildFile; fileRef = 90525181D5415FCDC1A8AD83 /* JSONExportService.swift */; };
		4DFD64EAB6ECEF2BD7C66DC2 /* ScheduleService.swift in Sources */ = {isa = PBXBuildFile; fileRef = 823154A880207FCF1C483BA8 /* ScheduleService.swift */; };
		51AD6F928C5FE60EE87736F7 /* LearningStreak.swift in Sources */ = {isa = PBXBuildFile; fileRef = 1C76FC65651FC3C15C1D8DB0 /* LearningStreak.swift */; };
		51DAFCAA807FAD8A286570E4 /* FastingService.swift in Sources */ = {isa = PBXBuildFile; fileRef = 3FF0F1E795AB55462D194D73 /* FastingService.swift */; };
		59D4EA48757862313BF7C60F /* FastingService.swift in Sources */ = {isa = PBXBuildFile; fileRef = 3FF0F1E795AB55462D194D73 /* FastingService.swift */; };
		5A8F53ECFBCDD210D40FB27C /* BasketballSession.swift in Sources */ = {isa = PBXBuildFile; fileRef = 40B79B0DE348C5B10A3C13DA /* BasketballSession.swift */; };
		5BEB38BAD48C54A65840DD82 /* SchemaV1.swift in Sources */ = {isa = PBXBuildFile; fileRef = 3C21B1F183A1B8E72B77E9EE /* SchemaV1.swift */; };
		5DEB691CFAFCEB6719E4B821 /* ProfileService.swift in Sources */ = {isa = PBXBuildFile; fileRef = 8AC713F81155648C69F8395C /* ProfileService.swift */; };
		61AFF636A369285390DE5688 /* AdminTask.swift in Sources */ = {isa = PBXBuildFile; fileRef = 6961232791C8824387CFFBCE /* AdminTask.swift */; };
		674202788BF9960ADE278F7D /* PersonalOptimizationWatch.app in Embed Watch Content */ = {isa = PBXBuildFile; fileRef = 40D8C43A57A2F3EFD7F5A8BD /* PersonalOptimizationWatch.app */; settings = {ATTRIBUTES = (RemoveHeadersOnCopy, ); }; };
		68D05DA3A8F8FCD94B355F39 /* CurrentBlockTimelineProvider.swift in Sources */ = {isa = PBXBuildFile; fileRef = 4A14D7CDDD90CC1F2E608509 /* CurrentBlockTimelineProvider.swift */; };
		6F3798E21919A4DA4CF40418 /* ContentView.swift in Sources */ = {isa = PBXBuildFile; fileRef = 2980B95DAC2C5D2BF8D46211 /* ContentView.swift */; };
		7147113C2529BB7745FF6914 /* KeychainServiceTests.swift in Sources */ = {isa = PBXBuildFile; fileRef = 7838EE32258FECAA2335A612 /* KeychainServiceTests.swift */; };
		71C272FE38F471D7180CEACC /* JSONImportService.swift in Sources */ = {isa = PBXBuildFile; fileRef = 29B2ED03B44C2BC7563DECA8 /* JSONImportService.swift */; };
		7B7F9117E45672A9026B767E /* ProtocolEntry.swift in Sources */ = {isa = PBXBuildFile; fileRef = 2F30C85E85590C6112D02188 /* ProtocolEntry.swift */; };
		7E13A0278FDC934EE1155D4A /* CharacterStateLog.swift in Sources */ = {isa = PBXBuildFile; fileRef = 1584E714556DEC27402B9AB6 /* CharacterStateLog.swift */; };
		7EFA452F1BDAFA36EC715DFE /* LabDraw.swift in Sources */ = {isa = PBXBuildFile; fileRef = 3A4985E865B7FE2268CC0631 /* LabDraw.swift */; };
		819FF06C908089F663E029A5 /* LiftSession.swift in Sources */ = {isa = PBXBuildFile; fileRef = 177EF30368767AF7EBD3F9D1 /* LiftSession.swift */; };
		82CED799C08A2A19FDA0D1C5 /* AdminTask.swift in Sources */ = {isa = PBXBuildFile; fileRef = 6961232791C8824387CFFBCE /* AdminTask.swift */; };
		86CE01A81BD8C89A0F0920B6 /* RootView.swift in Sources */ = {isa = PBXBuildFile; fileRef = FF3E8E2C56CA679596E1AC22 /* RootView.swift */; };
		888AF0FF44CE504D0A896DA8 /* SwimSession.swift in Sources */ = {isa = PBXBuildFile; fileRef = 12CFF9D4CAF217C0577FCF84 /* SwimSession.swift */; };
		8A399C28D937DE547629836A /* ComplicationBundle.swift in Sources */ = {isa = PBXBuildFile; fileRef = 37D09A08E65B464C2974BD2F /* ComplicationBundle.swift */; };
		8B1A15455BE8C010AF127747 /* JSONExportImportTests.swift in Sources */ = {isa = PBXBuildFile; fileRef = F8784746AB1A5E716335FC51 /* JSONExportImportTests.swift */; };
		9539BA572E007D3F4BDF9529 /* ErrorBanner.swift in Sources */ = {isa = PBXBuildFile; fileRef = E17A5E10EFA803A2312758C1 /* ErrorBanner.swift */; };
		95A58B0B7CDEF94B64FDF7B5 /* SwimSession.swift in Sources */ = {isa = PBXBuildFile; fileRef = 12CFF9D4CAF217C0577FCF84 /* SwimSession.swift */; };
		9D3153BAAA1A6171A07BFCD2 /* PersonalOptimizationWatchApp.swift in Sources */ = {isa = PBXBuildFile; fileRef = 6BB3766332CCC85C5B7A7765 /* PersonalOptimizationWatchApp.swift */; };
		9E3778818C6E6EB9782DBB0C /* SettingsView.swift in Sources */ = {isa = PBXBuildFile; fileRef = D2890BCBC13A3A36541B1425 /* SettingsView.swift */; };
		A311E18C454729D3983D3EFA /* FastingServiceTests.swift in Sources */ = {isa = PBXBuildFile; fileRef = 026062AB166F1C6F733696D7 /* FastingServiceTests.swift */; };
		A512C5031B5B03CBBFE4C1CC /* DailyLog.swift in Sources */ = {isa = PBXBuildFile; fileRef = 92DC0582F729F67ECB583C5E /* DailyLog.swift */; };
		A569E79C88ABCA43E83A42EE /* WearableEntry.swift in Sources */ = {isa = PBXBuildFile; fileRef = A3674B6175E5E9C0A0FE15C5 /* WearableEntry.swift */; };
		A783A187296DEA19FFF137B6 /* InMemoryContainer.swift in Sources */ = {isa = PBXBuildFile; fileRef = 242FCE6D86BAB838E4FD1826 /* InMemoryContainer.swift */; };
		A87525E6F1E5646C4D35C3E2 /* PersonalOptimizationApp.swift in Sources */ = {isa = PBXBuildFile; fileRef = 0C555C5B5591BB50DFF12CF3 /* PersonalOptimizationApp.swift */; };
		AD88BE9E2BDDECB2D60AE0F1 /* LiftSession.swift in Sources */ = {isa = PBXBuildFile; fileRef = 177EF30368767AF7EBD3F9D1 /* LiftSession.swift */; };
		BA5053AEB1922732900343B8 /* ScheduleSeed.swift in Sources */ = {isa = PBXBuildFile; fileRef = ED2D23DD34DD2309E97F4747 /* ScheduleSeed.swift */; };
		BD328769908C6B6473E58C8E /* PomodoroSession.swift in Sources */ = {isa = PBXBuildFile; fileRef = 6FBC6A799A4179DC17D2A708 /* PomodoroSession.swift */; };
		C590DB305D5D2A02A51D7B71 /* LabDraw.swift in Sources */ = {isa = PBXBuildFile; fileRef = 3A4985E865B7FE2268CC0631 /* LabDraw.swift */; };
		C992BFF071290C2800F971FD /* PrivacyInfo.xcprivacy in Resources */ = {isa = PBXBuildFile; fileRef = F8AB7BC817F9F230AE992431 /* PrivacyInfo.xcprivacy */; };
		CA48EEAB9F4C7F17C2BDCE99 /* ScheduleBlock.swift in Sources */ = {isa = PBXBuildFile; fileRef = C3F31266DF504D0F540B369D /* ScheduleBlock.swift */; };
		CF4396AB308BEA8E7633CA61 /* UserProfile.swift in Sources */ = {isa = PBXBuildFile; fileRef = 9362B1483E3ECAB8A31BCA9C /* UserProfile.swift */; };
		D029431C4F2B4048CAC2FD28 /* ProtocolEntry.swift in Sources */ = {isa = PBXBuildFile; fileRef = 2F30C85E85590C6112D02188 /* ProtocolEntry.swift */; };
		D233FCEE7344F8763F0E3F2D /* WearableEntry.swift in Sources */ = {isa = PBXBuildFile; fileRef = A3674B6175E5E9C0A0FE15C5 /* WearableEntry.swift */; };
		D7454F6A195563E1DF6DCBDC /* ScheduleServiceTests.swift in Sources */ = {isa = PBXBuildFile; fileRef = 4802E896C8352210A8A52524 /* ScheduleServiceTests.swift */; };
		D88710D92BC1761C9AFA3ED6 /* CharacterStateLog.swift in Sources */ = {isa = PBXBuildFile; fileRef = 1584E714556DEC27402B9AB6 /* CharacterStateLog.swift */; };
		DB80C72EEA7682E39EDA859B /* SchemaV1.swift in Sources */ = {isa = PBXBuildFile; fileRef = 3C21B1F183A1B8E72B77E9EE /* SchemaV1.swift */; };
		DB8AA9B4CB309C2E9D120330 /* UserProfile.swift in Sources */ = {isa = PBXBuildFile; fileRef = 9362B1483E3ECAB8A31BCA9C /* UserProfile.swift */; };
		DC3598DF9C384F7BBA1D00C9 /* ScheduleBlock.swift in Sources */ = {isa = PBXBuildFile; fileRef = C3F31266DF504D0F540B369D /* ScheduleBlock.swift */; };
		E292538C81AAC70701EE44CC /* KeychainService.swift in Sources */ = {isa = PBXBuildFile; fileRef = 9FDEFCFC6D24D7AF6DB1D56F /* KeychainService.swift */; };
		E3671262DF547F8B71F77E6B /* WearableEntry.swift in Sources */ = {isa = PBXBuildFile; fileRef = A3674B6175E5E9C0A0FE15C5 /* WearableEntry.swift */; };
		EB5D2340592A65A22C1F8E36 /* BasketballSession.swift in Sources */ = {isa = PBXBuildFile; fileRef = 40B79B0DE348C5B10A3C13DA /* BasketballSession.swift */; };
		EFDEF63634B285422CE5A97C /* SchemaV1Tests.swift in Sources */ = {isa = PBXBuildFile; fileRef = 1A3D16A17AD710D3E2A6CDF2 /* SchemaV1Tests.swift */; };
		F195EACEE94183E353FC871F /* ScheduleConfig.swift in Sources */ = {isa = PBXBuildFile; fileRef = 360D242A8530DF3073145608 /* ScheduleConfig.swift */; };
		F1F85BB2070451DF9CCBB71C /* DailyLog.swift in Sources */ = {isa = PBXBuildFile; fileRef = 92DC0582F729F67ECB583C5E /* DailyLog.swift */; };
		F41B28335A6D3E7106DE4A31 /* Logger+Categories.swift in Sources */ = {isa = PBXBuildFile; fileRef = 590EB6B5FFDA108FD89D5FBB /* Logger+Categories.swift */; };
		F4C542F098D6E20BA6AE251D /* SwimSession.swift in Sources */ = {isa = PBXBuildFile; fileRef = 12CFF9D4CAF217C0577FCF84 /* SwimSession.swift */; };
		F7D93E2FA5F50C1E667701FC /* LearningStreak.swift in Sources */ = {isa = PBXBuildFile; fileRef = 1C76FC65651FC3C15C1D8DB0 /* LearningStreak.swift */; };
		FB5CFE3EBCB20739974FAC5A /* ScheduleConfig.swift in Sources */ = {isa = PBXBuildFile; fileRef = 360D242A8530DF3073145608 /* ScheduleConfig.swift */; };
		FBE012E8CC00A4B68F92A687 /* ScheduleConfig.swift in Sources */ = {isa = PBXBuildFile; fileRef = 360D242A8530DF3073145608 /* ScheduleConfig.swift */; };
		FC164E4A639AE36B6499265D /* FastingService.swift in Sources */ = {isa = PBXBuildFile; fileRef = 3FF0F1E795AB55462D194D73 /* FastingService.swift */; };
		FFF0502D54A687E6A77D4865 /* PomodoroSession.swift in Sources */ = {isa = PBXBuildFile; fileRef = 6FBC6A799A4179DC17D2A708 /* PomodoroSession.swift */; };
/* End PBXBuildFile section */

/* Begin PBXContainerItemProxy section */
		027B840879AAB6B52F72FA7F /* PBXContainerItemProxy */ = {
			isa = PBXContainerItemProxy;
			containerPortal = 496A0317F23D5B15FD688A31 /* Project object */;
			proxyType = 1;
			remoteGlobalIDString = DCD2789BA57123BBBDA8BB4C;
			remoteInfo = PersonalOptimizationWatch;
		};
		422B6F35E2409B3DE69D94E0 /* PBXContainerItemProxy */ = {
			isa = PBXContainerItemProxy;
			containerPortal = 496A0317F23D5B15FD688A31 /* Project object */;
			proxyType = 1;
			remoteGlobalIDString = F3CFED518427A5D76A61AD72;
			remoteInfo = PersonalOptimizationWatchComplications;
		};
		D283EF9CA6CABDC280D0E5D9 /* PBXContainerItemProxy */ = {
			isa = PBXContainerItemProxy;
			containerPortal = 496A0317F23D5B15FD688A31 /* Project object */;
			proxyType = 1;
			remoteGlobalIDString = 692B5EE5792A31D5D1CC07D5;
			remoteInfo = PersonalOptimization;
		};
/* End PBXContainerItemProxy section */

/* Begin PBXCopyFilesBuildPhase section */
		6A08EA31D41B6E66944C0B5F /* Embed Foundation Extensions */ = {
			isa = PBXCopyFilesBuildPhase;
			buildActionMask = 2147483647;
			dstPath = "";
			dstSubfolderSpec = 13;
			files = (
				1AE5576A4F2426A5015B7C36 /* PersonalOptimizationWatchComplications.appex in Embed Foundation Extensions */,
			);
			name = "Embed Foundation Extensions";
			runOnlyForDeploymentPostprocessing = 0;
		};
		A3E7027785F3BB11BD25EDAF /* Embed Watch Content */ = {
			isa = PBXCopyFilesBuildPhase;
			buildActionMask = 2147483647;
			dstPath = "$(CONTENTS_FOLDER_PATH)/Watch";
			dstSubfolderSpec = 16;
			files = (
				674202788BF9960ADE278F7D /* PersonalOptimizationWatch.app in Embed Watch Content */,
			);
			name = "Embed Watch Content";
			runOnlyForDeploymentPostprocessing = 0;
		};
/* End PBXCopyFilesBuildPhase section */

/* Begin PBXFileReference section */
		026062AB166F1C6F733696D7 /* FastingServiceTests.swift */ = {isa = PBXFileReference; lastKnownFileType = sourcecode.swift; path = FastingServiceTests.swift; sourceTree = "<group>"; };
		0C555C5B5591BB50DFF12CF3 /* PersonalOptimizationApp.swift */ = {isa = PBXFileReference; lastKnownFileType = sourcecode.swift; path = PersonalOptimizationApp.swift; sourceTree = "<group>"; };
		107F1D4D82B6EB9F1FC2EF78 /* Info.plist */ = {isa = PBXFileReference; lastKnownFileType = text.plist; path = Info.plist; sourceTree = "<group>"; };
		12CFF9D4CAF217C0577FCF84 /* SwimSession.swift */ = {isa = PBXFileReference; lastKnownFileType = sourcecode.swift; path = SwimSession.swift; sourceTree = "<group>"; };
		1584E714556DEC27402B9AB6 /* CharacterStateLog.swift */ = {isa = PBXFileReference; lastKnownFileType = sourcecode.swift; path = CharacterStateLog.swift; sourceTree = "<group>"; };
		177EF30368767AF7EBD3F9D1 /* LiftSession.swift */ = {isa = PBXFileReference; lastKnownFileType = sourcecode.swift; path = LiftSession.swift; sourceTree = "<group>"; };
		1A3D16A17AD710D3E2A6CDF2 /* SchemaV1Tests.swift */ = {isa = PBXFileReference; lastKnownFileType = sourcecode.swift; path = SchemaV1Tests.swift; sourceTree = "<group>"; };
		1C76FC65651FC3C15C1D8DB0 /* LearningStreak.swift */ = {isa = PBXFileReference; lastKnownFileType = sourcecode.swift; path = LearningStreak.swift; sourceTree = "<group>"; };
		1D07E40975A5EFFC26755ECF /* ScheduleSeedTests.swift */ = {isa = PBXFileReference; lastKnownFileType = sourcecode.swift; path = ScheduleSeedTests.swift; sourceTree = "<group>"; };
		206905E3BDC577894B8FAD18 /* PersonalOptimizationTests.xctest */ = {isa = PBXFileReference; includeInIndex = 0; lastKnownFileType = wrapper.cfbundle; path = PersonalOptimizationTests.xctest; sourceTree = BUILT_PRODUCTS_DIR; };
		242FCE6D86BAB838E4FD1826 /* InMemoryContainer.swift */ = {isa = PBXFileReference; lastKnownFileType = sourcecode.swift; path = InMemoryContainer.swift; sourceTree = "<group>"; };
		2603B7C2F8BE658A2F1869D3 /* PlaceholderTests.swift */ = {isa = PBXFileReference; lastKnownFileType = sourcecode.swift; path = PlaceholderTests.swift; sourceTree = "<group>"; };
		2980B95DAC2C5D2BF8D46211 /* ContentView.swift */ = {isa = PBXFileReference; lastKnownFileType = sourcecode.swift; path = ContentView.swift; sourceTree = "<group>"; };
		29B2ED03B44C2BC7563DECA8 /* JSONImportService.swift */ = {isa = PBXFileReference; lastKnownFileType = sourcecode.swift; path = JSONImportService.swift; sourceTree = "<group>"; };
		2F30C85E85590C6112D02188 /* ProtocolEntry.swift */ = {isa = PBXFileReference; lastKnownFileType = sourcecode.swift; path = ProtocolEntry.swift; sourceTree = "<group>"; };
		360D242A8530DF3073145608 /* ScheduleConfig.swift */ = {isa = PBXFileReference; lastKnownFileType = sourcecode.swift; path = ScheduleConfig.swift; sourceTree = "<group>"; };
		37D09A08E65B464C2974BD2F /* ComplicationBundle.swift */ = {isa = PBXFileReference; lastKnownFileType = sourcecode.swift; path = ComplicationBundle.swift; sourceTree = "<group>"; };
		3A4985E865B7FE2268CC0631 /* LabDraw.swift */ = {isa = PBXFileReference; lastKnownFileType = sourcecode.swift; path = LabDraw.swift; sourceTree = "<group>"; };
		3C21B1F183A1B8E72B77E9EE /* SchemaV1.swift */ = {isa = PBXFileReference; lastKnownFileType = sourcecode.swift; path = SchemaV1.swift; sourceTree = "<group>"; };
		3FF0F1E795AB55462D194D73 /* FastingService.swift */ = {isa = PBXFileReference; lastKnownFileType = sourcecode.swift; path = FastingService.swift; sourceTree = "<group>"; };
		40B79B0DE348C5B10A3C13DA /* BasketballSession.swift */ = {isa = PBXFileReference; lastKnownFileType = sourcecode.swift; path = BasketballSession.swift; sourceTree = "<group>"; };
		40D8C43A57A2F3EFD7F5A8BD /* PersonalOptimizationWatch.app */ = {isa = PBXFileReference; explicitFileType = wrapper.application; includeInIndex = 0; path = PersonalOptimizationWatch.app; sourceTree = BUILT_PRODUCTS_DIR; };
		45B10FAC14B0FE5A66B6567D /* Info.plist */ = {isa = PBXFileReference; lastKnownFileType = text.plist; path = Info.plist; sourceTree = "<group>"; };
		4802E896C8352210A8A52524 /* ScheduleServiceTests.swift */ = {isa = PBXFileReference; lastKnownFileType = sourcecode.swift; path = ScheduleServiceTests.swift; sourceTree = "<group>"; };
		4A14D7CDDD90CC1F2E608509 /* CurrentBlockTimelineProvider.swift */ = {isa = PBXFileReference; lastKnownFileType = sourcecode.swift; path = CurrentBlockTimelineProvider.swift; sourceTree = "<group>"; };
		590EB6B5FFDA108FD89D5FBB /* Logger+Categories.swift */ = {isa = PBXFileReference; lastKnownFileType = sourcecode.swift; path = "Logger+Categories.swift"; sourceTree = "<group>"; };
		5B4A1D03EFC9DE01812670DF /* TodayView.swift */ = {isa = PBXFileReference; lastKnownFileType = sourcecode.swift; path = TodayView.swift; sourceTree = "<group>"; };
		62C8F58A99782B66ECCDFCB5 /* PerformanceTests.swift */ = {isa = PBXFileReference; lastKnownFileType = sourcecode.swift; path = PerformanceTests.swift; sourceTree = "<group>"; };
		64C01CAA4C1C9882EA8BCA48 /* CurrentBlockComplication.swift */ = {isa = PBXFileReference; lastKnownFileType = sourcecode.swift; path = CurrentBlockComplication.swift; sourceTree = "<group>"; };
		6961232791C8824387CFFBCE /* AdminTask.swift */ = {isa = PBXFileReference; lastKnownFileType = sourcecode.swift; path = AdminTask.swift; sourceTree = "<group>"; };
		6BB3766332CCC85C5B7A7765 /* PersonalOptimizationWatchApp.swift */ = {isa = PBXFileReference; lastKnownFileType = sourcecode.swift; path = PersonalOptimizationWatchApp.swift; sourceTree = "<group>"; };
		6CF9747FFFE5089E9B33D74F /* PersonalOptimizationWatch.entitlements */ = {isa = PBXFileReference; lastKnownFileType = text.plist.entitlements; path = PersonalOptimizationWatch.entitlements; sourceTree = "<group>"; };
		6FBC6A799A4179DC17D2A708 /* PomodoroSession.swift */ = {isa = PBXFileReference; lastKnownFileType = sourcecode.swift; path = PomodoroSession.swift; sourceTree = "<group>"; };
		7838EE32258FECAA2335A612 /* KeychainServiceTests.swift */ = {isa = PBXFileReference; lastKnownFileType = sourcecode.swift; path = KeychainServiceTests.swift; sourceTree = "<group>"; };
		82221D5BC1BA379932EC9A6A /* default_schedule.json */ = {isa = PBXFileReference; lastKnownFileType = text.json; path = default_schedule.json; sourceTree = "<group>"; };
		823154A880207FCF1C483BA8 /* ScheduleService.swift */ = {isa = PBXFileReference; lastKnownFileType = sourcecode.swift; path = ScheduleService.swift; sourceTree = "<group>"; };
		8AC713F81155648C69F8395C /* ProfileService.swift */ = {isa = PBXFileReference; lastKnownFileType = sourcecode.swift; path = ProfileService.swift; sourceTree = "<group>"; };
		90525181D5415FCDC1A8AD83 /* JSONExportService.swift */ = {isa = PBXFileReference; lastKnownFileType = sourcecode.swift; path = JSONExportService.swift; sourceTree = "<group>"; };
		92DC0582F729F67ECB583C5E /* DailyLog.swift */ = {isa = PBXFileReference; lastKnownFileType = sourcecode.swift; path = DailyLog.swift; sourceTree = "<group>"; };
		9362B1483E3ECAB8A31BCA9C /* UserProfile.swift */ = {isa = PBXFileReference; lastKnownFileType = sourcecode.swift; path = UserProfile.swift; sourceTree = "<group>"; };
		9FDEFCFC6D24D7AF6DB1D56F /* KeychainService.swift */ = {isa = PBXFileReference; lastKnownFileType = sourcecode.swift; path = KeychainService.swift; sourceTree = "<group>"; };
		A3674B6175E5E9C0A0FE15C5 /* WearableEntry.swift */ = {isa = PBXFileReference; lastKnownFileType = sourcecode.swift; path = WearableEntry.swift; sourceTree = "<group>"; };
		B68F807399134D4E375D023D /* PersonalOptimization.app */ = {isa = PBXFileReference; includeInIndex = 0; lastKnownFileType = wrapper.application; path = PersonalOptimization.app; sourceTree = BUILT_PRODUCTS_DIR; };
		C3F31266DF504D0F540B369D /* ScheduleBlock.swift */ = {isa = PBXFileReference; lastKnownFileType = sourcecode.swift; path = ScheduleBlock.swift; sourceTree = "<group>"; };
		D1B2C04F97651585073980FF /* PersonalOptimization.entitlements */ = {isa = PBXFileReference; lastKnownFileType = text.plist.entitlements; path = PersonalOptimization.entitlements; sourceTree = "<group>"; };
		D2890BCBC13A3A36541B1425 /* SettingsView.swift */ = {isa = PBXFileReference; lastKnownFileType = sourcecode.swift; path = SettingsView.swift; sourceTree = "<group>"; };
		D336D7B9EFE5E76B62ADDB3F /* PersonalOptimizationWatchComplications.entitlements */ = {isa = PBXFileReference; lastKnownFileType = text.plist.entitlements; path = PersonalOptimizationWatchComplications.entitlements; sourceTree = "<group>"; };
		E17A5E10EFA803A2312758C1 /* ErrorBanner.swift */ = {isa = PBXFileReference; lastKnownFileType = sourcecode.swift; path = ErrorBanner.swift; sourceTree = "<group>"; };
		E46D2FE0AD37E504371C8F05 /* PersonalOptimizationWatchComplications.appex */ = {isa = PBXFileReference; explicitFileType = "wrapper.app-extension"; includeInIndex = 0; path = PersonalOptimizationWatchComplications.appex; sourceTree = BUILT_PRODUCTS_DIR; };
		ED2D23DD34DD2309E97F4747 /* ScheduleSeed.swift */ = {isa = PBXFileReference; lastKnownFileType = sourcecode.swift; path = ScheduleSeed.swift; sourceTree = "<group>"; };
		EFE07D74DECEAE97388D869D /* Info.plist */ = {isa = PBXFileReference; lastKnownFileType = text.plist; path = Info.plist; sourceTree = "<group>"; };
		F8784746AB1A5E716335FC51 /* JSONExportImportTests.swift */ = {isa = PBXFileReference; lastKnownFileType = sourcecode.swift; path = JSONExportImportTests.swift; sourceTree = "<group>"; };
		F8AB7BC817F9F230AE992431 /* PrivacyInfo.xcprivacy */ = {isa = PBXFileReference; path = PrivacyInfo.xcprivacy; sourceTree = "<group>"; };
		FF3E8E2C56CA679596E1AC22 /* RootView.swift */ = {isa = PBXFileReference; lastKnownFileType = sourcecode.swift; path = RootView.swift; sourceTree = "<group>"; };
/* End PBXFileReference section */

/* Begin PBXGroup section */
		1F9F3C1E1CF2920C51985F65 /* Products */ = {
			isa = PBXGroup;
			children = (
				B68F807399134D4E375D023D /* PersonalOptimization.app */,
				206905E3BDC577894B8FAD18 /* PersonalOptimizationTests.xctest */,
				40D8C43A57A2F3EFD7F5A8BD /* PersonalOptimizationWatch.app */,
				E46D2FE0AD37E504371C8F05 /* PersonalOptimizationWatchComplications.appex */,
			);
			name = Products;
			sourceTree = "<group>";
		};
		2E5640A3C69A470A6F99CC2D /* Views */ = {
			isa = PBXGroup;
			children = (
				2980B95DAC2C5D2BF8D46211 /* ContentView.swift */,
			);
			path = Views;
			sourceTree = "<group>";
		};
		35549F935C6A83DE7059536F /* PersonalOptimizationWatch */ = {
			isa = PBXGroup;
			children = (
				2E5640A3C69A470A6F99CC2D /* Views */,
				EFE07D74DECEAE97388D869D /* Info.plist */,
				6CF9747FFFE5089E9B33D74F /* PersonalOptimizationWatch.entitlements */,
				6BB3766332CCC85C5B7A7765 /* PersonalOptimizationWatchApp.swift */,
			);
			path = PersonalOptimizationWatch;
			sourceTree = "<group>";
		};
		39C71D7C41D61ADBE6EDC076 /* Modules */ = {
			isa = PBXGroup;
			children = (
				026062AB166F1C6F733696D7 /* FastingServiceTests.swift */,
				1D07E40975A5EFFC26755ECF /* ScheduleSeedTests.swift */,
				4802E896C8352210A8A52524 /* ScheduleServiceTests.swift */,
			);
			path = Modules;
			sourceTree = "<group>";
		};
		3B387C0A749A64273FAACABC /* Components */ = {
			isa = PBXGroup;
			children = (
				E17A5E10EFA803A2312758C1 /* ErrorBanner.swift */,
			);
			path = Components;
			sourceTree = "<group>";
		};
		567720BD1CEE31348D46C9FE /* Resources */ = {
			isa = PBXGroup;
			children = (
				82221D5BC1BA379932EC9A6A /* default_schedule.json */,
			);
			path = Resources;
			sourceTree = "<group>";
		};
		588244BE00D5970A043209B4 /* Modules */ = {
			isa = PBXGroup;
			children = (
				DB94C9C6260DDBE5E02FA7A3 /* Hydration */,
				83490179F5D1A1B2CA5412E0 /* SharedFasting */,
				C527C200760387C835A618A1 /* SharedSchedule */,
			);
			path = Modules;
			sourceTree = "<group>";
		};
		5E8DF68DB309BD5D61DC4539 /* PersonalOptimization */ = {
			isa = PBXGroup;
			children = (
				3B387C0A749A64273FAACABC /* Components */,
				588244BE00D5970A043209B4 /* Modules */,
				567720BD1CEE31348D46C9FE /* Resources */,
				AC02FBE062E9CAD640CD2583 /* Services */,
				EB906736BAB606ABC5590473 /* SharedModels */,
				C919BC880DDCB2183C4648B9 /* Views */,
				45B10FAC14B0FE5A66B6567D /* Info.plist */,
				D1B2C04F97651585073980FF /* PersonalOptimization.entitlements */,
				0C555C5B5591BB50DFF12CF3 /* PersonalOptimizationApp.swift */,
				F8AB7BC817F9F230AE992431 /* PrivacyInfo.xcprivacy */,
			);
			path = PersonalOptimization;
			sourceTree = "<group>";
		};
		83490179F5D1A1B2CA5412E0 /* SharedFasting */ = {
			isa = PBXGroup;
			children = (
				3FF0F1E795AB55462D194D73 /* FastingService.swift */,
			);
			name = SharedFasting;
			path = Fasting;
			sourceTree = "<group>";
		};
		869E8F27A49AC0C94C596E20 /* Models */ = {
			isa = PBXGroup;
			children = (
				1A3D16A17AD710D3E2A6CDF2 /* SchemaV1Tests.swift */,
			);
			path = Models;
			sourceTree = "<group>";
		};
		A9D5B3F6F4641C800970D7BC /* Services */ = {
			isa = PBXGroup;
			children = (
				F8784746AB1A5E716335FC51 /* JSONExportImportTests.swift */,
				7838EE32258FECAA2335A612 /* KeychainServiceTests.swift */,
			);
			path = Services;
			sourceTree = "<group>";
		};
		AC02FBE062E9CAD640CD2583 /* Services */ = {
			isa = PBXGroup;
			children = (
				90525181D5415FCDC1A8AD83 /* JSONExportService.swift */,
				29B2ED03B44C2BC7563DECA8 /* JSONImportService.swift */,
				9FDEFCFC6D24D7AF6DB1D56F /* KeychainService.swift */,
				590EB6B5FFDA108FD89D5FBB /* Logger+Categories.swift */,
				8AC713F81155648C69F8395C /* ProfileService.swift */,
			);
			path = Services;
			sourceTree = "<group>";
		};
		C527C200760387C835A618A1 /* SharedSchedule */ = {
			isa = PBXGroup;
			children = (
				360D242A8530DF3073145608 /* ScheduleConfig.swift */,
				ED2D23DD34DD2309E97F4747 /* ScheduleSeed.swift */,
				823154A880207FCF1C483BA8 /* ScheduleService.swift */,
			);
			name = SharedSchedule;
			path = Schedule;
			sourceTree = "<group>";
		};
		C919BC880DDCB2183C4648B9 /* Views */ = {
			isa = PBXGroup;
			children = (
				FF3E8E2C56CA679596E1AC22 /* RootView.swift */,
				D2890BCBC13A3A36541B1425 /* SettingsView.swift */,
				5B4A1D03EFC9DE01812670DF /* TodayView.swift */,
			);
			path = Views;
			sourceTree = "<group>";
		};
		DB94C9C6260DDBE5E02FA7A3 /* Hydration */ = {
			isa = PBXGroup;
			children = (
			);
			path = Hydration;
			sourceTree = "<group>";
		};
		DBE21104D9EED0341A8114AA /* Helpers */ = {
			isa = PBXGroup;
			children = (
				242FCE6D86BAB838E4FD1826 /* InMemoryContainer.swift */,
			);
			path = Helpers;
			sourceTree = "<group>";
		};
		E0A6BB99B8ACB10746F14909 = {
			isa = PBXGroup;
			children = (
				5E8DF68DB309BD5D61DC4539 /* PersonalOptimization */,
				E7EB987FEDBF768594B0919B /* PersonalOptimizationTests */,
				35549F935C6A83DE7059536F /* PersonalOptimizationWatch */,
				E36BB1747AD928926C4AD7EE /* PersonalOptimizationWatchComplications */,
				1F9F3C1E1CF2920C51985F65 /* Products */,
			);
			sourceTree = "<group>";
		};
		E36BB1747AD928926C4AD7EE /* PersonalOptimizationWatchComplications */ = {
			isa = PBXGroup;
			children = (
				37D09A08E65B464C2974BD2F /* ComplicationBundle.swift */,
				64C01CAA4C1C9882EA8BCA48 /* CurrentBlockComplication.swift */,
				4A14D7CDDD90CC1F2E608509 /* CurrentBlockTimelineProvider.swift */,
				107F1D4D82B6EB9F1FC2EF78 /* Info.plist */,
				D336D7B9EFE5E76B62ADDB3F /* PersonalOptimizationWatchComplications.entitlements */,
			);
			path = PersonalOptimizationWatchComplications;
			sourceTree = "<group>";
		};
		E7EB987FEDBF768594B0919B /* PersonalOptimizationTests */ = {
			isa = PBXGroup;
			children = (
				DBE21104D9EED0341A8114AA /* Helpers */,
				869E8F27A49AC0C94C596E20 /* Models */,
				39C71D7C41D61ADBE6EDC076 /* Modules */,
				A9D5B3F6F4641C800970D7BC /* Services */,
				62C8F58A99782B66ECCDFCB5 /* PerformanceTests.swift */,
				2603B7C2F8BE658A2F1869D3 /* PlaceholderTests.swift */,
			);
			path = PersonalOptimizationTests;
			sourceTree = "<group>";
		};
		EB906736BAB606ABC5590473 /* SharedModels */ = {
			isa = PBXGroup;
			children = (
				6961232791C8824387CFFBCE /* AdminTask.swift */,
				40B79B0DE348C5B10A3C13DA /* BasketballSession.swift */,
				1584E714556DEC27402B9AB6 /* CharacterStateLog.swift */,
				92DC0582F729F67ECB583C5E /* DailyLog.swift */,
				3A4985E865B7FE2268CC0631 /* LabDraw.swift */,
				1C76FC65651FC3C15C1D8DB0 /* LearningStreak.swift */,
				177EF30368767AF7EBD3F9D1 /* LiftSession.swift */,
				6FBC6A799A4179DC17D2A708 /* PomodoroSession.swift */,
				2F30C85E85590C6112D02188 /* ProtocolEntry.swift */,
				C3F31266DF504D0F540B369D /* ScheduleBlock.swift */,
				3C21B1F183A1B8E72B77E9EE /* SchemaV1.swift */,
				12CFF9D4CAF217C0577FCF84 /* SwimSession.swift */,
				9362B1483E3ECAB8A31BCA9C /* UserProfile.swift */,
				A3674B6175E5E9C0A0FE15C5 /* WearableEntry.swift */,
			);
			name = SharedModels;
			path = Models;
			sourceTree = "<group>";
		};
/* End PBXGroup section */

/* Begin PBXNativeTarget section */
		64278B1349F1AAB7E16AFDA2 /* PersonalOptimizationTests */ = {
			isa = PBXNativeTarget;
			buildConfigurationList = 84E3FFD5ED06C9E311939903 /* Build configuration list for PBXNativeTarget "PersonalOptimizationTests" */;
			buildPhases = (
				1A4580FB4D3CFEF58F93428A /* Sources */,
			);
			buildRules = (
			);
			dependencies = (
				4265F0E1DDE2125AACBF326C /* PBXTargetDependency */,
			);
			name = PersonalOptimizationTests;
			packageProductDependencies = (
			);
			productName = PersonalOptimizationTests;
			productReference = 206905E3BDC577894B8FAD18 /* PersonalOptimizationTests.xctest */;
			productType = "com.apple.product-type.bundle.unit-test";
		};
		692B5EE5792A31D5D1CC07D5 /* PersonalOptimization */ = {
			isa = PBXNativeTarget;
			buildConfigurationList = ABE87E7E2E3752C1B515918E /* Build configuration list for PBXNativeTarget "PersonalOptimization" */;
			buildPhases = (
				A86DBD89BDAC1C5FE5B4E848 /* Sources */,
				2653562709E5D7B6445ACB45 /* Resources */,
				A3E7027785F3BB11BD25EDAF /* Embed Watch Content */,
			);
			buildRules = (
			);
			dependencies = (
				EAF5245197FC40D59293151A /* PBXTargetDependency */,
			);
			name = PersonalOptimization;
			packageProductDependencies = (
			);
			productName = PersonalOptimization;
			productReference = B68F807399134D4E375D023D /* PersonalOptimization.app */;
			productType = "com.apple.product-type.application";
		};
		DCD2789BA57123BBBDA8BB4C /* PersonalOptimizationWatch */ = {
			isa = PBXNativeTarget;
			buildConfigurationList = F8A3EBCC47C77D4F2AE6D2EC /* Build configuration list for PBXNativeTarget "PersonalOptimizationWatch" */;
			buildPhases = (
				D2804951180085534DEF7FAD /* Sources */,
				6A08EA31D41B6E66944C0B5F /* Embed Foundation Extensions */,
			);
			buildRules = (
			);
			dependencies = (
				06B0006B8ADF799E6CD0A3FC /* PBXTargetDependency */,
			);
			name = PersonalOptimizationWatch;
			packageProductDependencies = (
			);
			productName = PersonalOptimizationWatch;
			productReference = 40D8C43A57A2F3EFD7F5A8BD /* PersonalOptimizationWatch.app */;
			productType = "com.apple.product-type.application";
		};
		F3CFED518427A5D76A61AD72 /* PersonalOptimizationWatchComplications */ = {
			isa = PBXNativeTarget;
			buildConfigurationList = 0DD3FF0049391A9E7ADAA399 /* Build configuration list for PBXNativeTarget "PersonalOptimizationWatchComplications" */;
			buildPhases = (
				CD32E0E4E9FFCAEC9B2DCB7A /* Sources */,
			);
			buildRules = (
			);
			dependencies = (
			);
			name = PersonalOptimizationWatchComplications;
			packageProductDependencies = (
			);
			productName = PersonalOptimizationWatchComplications;
			productReference = E46D2FE0AD37E504371C8F05 /* PersonalOptimizationWatchComplications.appex */;
			productType = "com.apple.product-type.app-extension";
		};
/* End PBXNativeTarget section */

/* Begin PBXProject section */
		496A0317F23D5B15FD688A31 /* Project object */ = {
			isa = PBXProject;
			attributes = {
				BuildIndependentTargetsInParallel = YES;
				LastUpgradeCheck = 2640;
				TargetAttributes = {
					64278B1349F1AAB7E16AFDA2 = {
						DevelopmentTeam = "";
						ProvisioningStyle = Automatic;
					};
					692B5EE5792A31D5D1CC07D5 = {
						DevelopmentTeam = "";
						ProvisioningStyle = Automatic;
					};
					DCD2789BA57123BBBDA8BB4C = {
						DevelopmentTeam = "";
						ProvisioningStyle = Automatic;
					};
					F3CFED518427A5D76A61AD72 = {
						DevelopmentTeam = "";
						ProvisioningStyle = Automatic;
					};
				};
			};
			buildConfigurationList = A86BBB99E5EB2EC35292FB0B /* Build configuration list for PBXProject "PersonalOptimization" */;
			developmentRegion = en;
			hasScannedForEncodings = 0;
			knownRegions = (
				Base,
				en,
			);
			mainGroup = E0A6BB99B8ACB10746F14909;
			minimizedProjectReferenceProxies = 1;
			preferredProjectObjectVersion = 77;
			productRefGroup = 1F9F3C1E1CF2920C51985F65 /* Products */;
			projectDirPath = "";
			projectRoot = "";
			targets = (
				692B5EE5792A31D5D1CC07D5 /* PersonalOptimization */,
				64278B1349F1AAB7E16AFDA2 /* PersonalOptimizationTests */,
				DCD2789BA57123BBBDA8BB4C /* PersonalOptimizationWatch */,
				F3CFED518427A5D76A61AD72 /* PersonalOptimizationWatchComplications */,
			);
		};
/* End PBXProject section */

/* Begin PBXResourcesBuildPhase section */
		2653562709E5D7B6445ACB45 /* Resources */ = {
			isa = PBXResourcesBuildPhase;
			buildActionMask = 2147483647;
			files = (
				C992BFF071290C2800F971FD /* PrivacyInfo.xcprivacy in Resources */,
				0DB87612ACCE386EC13E771C /* default_schedule.json in Resources */,
			);
			runOnlyForDeploymentPostprocessing = 0;
		};
/* End PBXResourcesBuildPhase section */

/* Begin PBXSourcesBuildPhase section */
		1A4580FB4D3CFEF58F93428A /* Sources */ = {
			isa = PBXSourcesBuildPhase;
			buildActionMask = 2147483647;
			files = (
				A311E18C454729D3983D3EFA /* FastingServiceTests.swift in Sources */,
				A783A187296DEA19FFF137B6 /* InMemoryContainer.swift in Sources */,
				8B1A15455BE8C010AF127747 /* JSONExportImportTests.swift in Sources */,
				7147113C2529BB7745FF6914 /* KeychainServiceTests.swift in Sources */,
				39803EA851C039EFCE0CAED6 /* PerformanceTests.swift in Sources */,
				1C27514882A36096B397885A /* PlaceholderTests.swift in Sources */,
				13472C39166401253FC4630C /* ScheduleSeedTests.swift in Sources */,
				D7454F6A195563E1DF6DCBDC /* ScheduleServiceTests.swift in Sources */,
				EFDEF63634B285422CE5A97C /* SchemaV1Tests.swift in Sources */,
			);
			runOnlyForDeploymentPostprocessing = 0;
		};
		A86DBD89BDAC1C5FE5B4E848 /* Sources */ = {
			isa = PBXSourcesBuildPhase;
			buildActionMask = 2147483647;
			files = (
				3D1E11A0B19547AE3605B9ED /* AdminTask.swift in Sources */,
				EB5D2340592A65A22C1F8E36 /* BasketballSession.swift in Sources */,
				D88710D92BC1761C9AFA3ED6 /* CharacterStateLog.swift in Sources */,
				A512C5031B5B03CBBFE4C1CC /* DailyLog.swift in Sources */,
				9539BA572E007D3F4BDF9529 /* ErrorBanner.swift in Sources */,
				51DAFCAA807FAD8A286570E4 /* FastingService.swift in Sources */,
				4B992282A2FFFCD8C4CBF0FA /* JSONExportService.swift in Sources */,
				71C272FE38F471D7180CEACC /* JSONImportService.swift in Sources */,
				E292538C81AAC70701EE44CC /* KeychainService.swift in Sources */,
				3910CFFAEF639E97C5F2F8B4 /* LabDraw.swift in Sources */,
				02F1C19855528D0014BA2283 /* LearningStreak.swift in Sources */,
				AD88BE9E2BDDECB2D60AE0F1 /* LiftSession.swift in Sources */,
				F41B28335A6D3E7106DE4A31 /* Logger+Categories.swift in Sources */,
				A87525E6F1E5646C4D35C3E2 /* PersonalOptimizationApp.swift in Sources */,
				FFF0502D54A687E6A77D4865 /* PomodoroSession.swift in Sources */,
				5DEB691CFAFCEB6719E4B821 /* ProfileService.swift in Sources */,
				D029431C4F2B4048CAC2FD28 /* ProtocolEntry.swift in Sources */,
				86CE01A81BD8C89A0F0920B6 /* RootView.swift in Sources */,
				46B1D4A79F4C21DBD433FC63 /* ScheduleBlock.swift in Sources */,
				F195EACEE94183E353FC871F /* ScheduleConfig.swift in Sources */,
				BA5053AEB1922732900343B8 /* ScheduleSeed.swift in Sources */,
				49CD1909348DFA4995F5963F /* ScheduleService.swift in Sources */,
				5BEB38BAD48C54A65840DD82 /* SchemaV1.swift in Sources */,
				9E3778818C6E6EB9782DBB0C /* SettingsView.swift in Sources */,
				888AF0FF44CE504D0A896DA8 /* SwimSession.swift in Sources */,
				36D95A9B354F48B865EFA9F0 /* TodayView.swift in Sources */,
				0C496AA97A7A343CB905C178 /* UserProfile.swift in Sources */,
				E3671262DF547F8B71F77E6B /* WearableEntry.swift in Sources */,
			);
			runOnlyForDeploymentPostprocessing = 0;
		};
		CD32E0E4E9FFCAEC9B2DCB7A /* Sources */ = {
			isa = PBXSourcesBuildPhase;
			buildActionMask = 2147483647;
			files = (
				61AFF636A369285390DE5688 /* AdminTask.swift in Sources */,
				04711B71F53D38C5B330FC4D /* BasketballSession.swift in Sources */,
				7E13A0278FDC934EE1155D4A /* CharacterStateLog.swift in Sources */,
				8A399C28D937DE547629836A /* ComplicationBundle.swift in Sources */,
				4AB094B82026550D98B3B435 /* CurrentBlockComplication.swift in Sources */,
				68D05DA3A8F8FCD94B355F39 /* CurrentBlockTimelineProvider.swift in Sources */,
				4A2600F097C24352AED6AF0E /* DailyLog.swift in Sources */,
				59D4EA48757862313BF7C60F /* FastingService.swift in Sources */,
				7EFA452F1BDAFA36EC715DFE /* LabDraw.swift in Sources */,
				F7D93E2FA5F50C1E667701FC /* LearningStreak.swift in Sources */,
				1010CD77E02850FD282ED7A5 /* LiftSession.swift in Sources */,
				2011D16E82C404E75BD21390 /* Logger+Categories.swift in Sources */,
				445E79CE78180CE5E6ABE007 /* PomodoroSession.swift in Sources */,
				2732AB89C3CA4CA9A702EE98 /* ProtocolEntry.swift in Sources */,
				DC3598DF9C384F7BBA1D00C9 /* ScheduleBlock.swift in Sources */,
				FBE012E8CC00A4B68F92A687 /* ScheduleConfig.swift in Sources */,
				112CF695517D31A1E87892F7 /* ScheduleSeed.swift in Sources */,
				497B2D2C8A6376B1BA12FDFE /* ScheduleService.swift in Sources */,
				DB80C72EEA7682E39EDA859B /* SchemaV1.swift in Sources */,
				F4C542F098D6E20BA6AE251D /* SwimSession.swift in Sources */,
				DB8AA9B4CB309C2E9D120330 /* UserProfile.swift in Sources */,
				A569E79C88ABCA43E83A42EE /* WearableEntry.swift in Sources */,
			);
			runOnlyForDeploymentPostprocessing = 0;
		};
		D2804951180085534DEF7FAD /* Sources */ = {
			isa = PBXSourcesBuildPhase;
			buildActionMask = 2147483647;
			files = (
				82CED799C08A2A19FDA0D1C5 /* AdminTask.swift in Sources */,
				5A8F53ECFBCDD210D40FB27C /* BasketballSession.swift in Sources */,
				00BF11AABDECB9D5FBBA77EB /* CharacterStateLog.swift in Sources */,
				6F3798E21919A4DA4CF40418 /* ContentView.swift in Sources */,
				F1F85BB2070451DF9CCBB71C /* DailyLog.swift in Sources */,
				FC164E4A639AE36B6499265D /* FastingService.swift in Sources */,
				C590DB305D5D2A02A51D7B71 /* LabDraw.swift in Sources */,
				51AD6F928C5FE60EE87736F7 /* LearningStreak.swift in Sources */,
				819FF06C908089F663E029A5 /* LiftSession.swift in Sources */,
				4AE821E82E7DA57310650A7B /* Logger+Categories.swift in Sources */,
				9D3153BAAA1A6171A07BFCD2 /* PersonalOptimizationWatchApp.swift in Sources */,
				BD328769908C6B6473E58C8E /* PomodoroSession.swift in Sources */,
				7B7F9117E45672A9026B767E /* ProtocolEntry.swift in Sources */,
				CA48EEAB9F4C7F17C2BDCE99 /* ScheduleBlock.swift in Sources */,
				FB5CFE3EBCB20739974FAC5A /* ScheduleConfig.swift in Sources */,
				2B950ADB27E765EFDD1276C8 /* ScheduleSeed.swift in Sources */,
				4DFD64EAB6ECEF2BD7C66DC2 /* ScheduleService.swift in Sources */,
				0219D980D61AE2BF8658934C /* SchemaV1.swift in Sources */,
				95A58B0B7CDEF94B64FDF7B5 /* SwimSession.swift in Sources */,
				CF4396AB308BEA8E7633CA61 /* UserProfile.swift in Sources */,
				D233FCEE7344F8763F0E3F2D /* WearableEntry.swift in Sources */,
			);
			runOnlyForDeploymentPostprocessing = 0;
		};
/* End PBXSourcesBuildPhase section */

/* Begin PBXTargetDependency section */
		06B0006B8ADF799E6CD0A3FC /* PBXTargetDependency */ = {
			isa = PBXTargetDependency;
			target = F3CFED518427A5D76A61AD72 /* PersonalOptimizationWatchComplications */;
			targetProxy = 422B6F35E2409B3DE69D94E0 /* PBXContainerItemProxy */;
		};
		4265F0E1DDE2125AACBF326C /* PBXTargetDependency */ = {
			isa = PBXTargetDependency;
			target = 692B5EE5792A31D5D1CC07D5 /* PersonalOptimization */;
			targetProxy = D283EF9CA6CABDC280D0E5D9 /* PBXContainerItemProxy */;
		};
		EAF5245197FC40D59293151A /* PBXTargetDependency */ = {
			isa = PBXTargetDependency;
			target = DCD2789BA57123BBBDA8BB4C /* PersonalOptimizationWatch */;
			targetProxy = 027B840879AAB6B52F72FA7F /* PBXContainerItemProxy */;
		};
/* End PBXTargetDependency section */

/* Begin XCBuildConfiguration section */
		0737A696C570E3AC64F21CFE /* Release */ = {
			isa = XCBuildConfiguration;
			buildSettings = {
				ALWAYS_SEARCH_USER_PATHS = NO;
				CLANG_ANALYZER_NONNULL = YES;
				CLANG_ANALYZER_NUMBER_OBJECT_CONVERSION = YES_AGGRESSIVE;
				CLANG_CXX_LANGUAGE_STANDARD = "gnu++14";
				CLANG_CXX_LIBRARY = "libc++";
				CLANG_ENABLE_MODULES = YES;
				CLANG_ENABLE_OBJC_ARC = YES;
				CLANG_ENABLE_OBJC_WEAK = YES;
				CLANG_WARN_BLOCK_CAPTURE_AUTORELEASING = YES;
				CLANG_WARN_BOOL_CONVERSION = YES;
				CLANG_WARN_COMMA = YES;
				CLANG_WARN_CONSTANT_CONVERSION = YES;
				CLANG_WARN_DEPRECATED_OBJC_IMPLEMENTATIONS = YES;
				CLANG_WARN_DIRECT_OBJC_ISA_USAGE = YES_ERROR;
				CLANG_WARN_DOCUMENTATION_COMMENTS = YES;
				CLANG_WARN_EMPTY_BODY = YES;
				CLANG_WARN_ENUM_CONVERSION = YES;
				CLANG_WARN_INFINITE_RECURSION = YES;
				CLANG_WARN_INT_CONVERSION = YES;
				CLANG_WARN_NON_LITERAL_NULL_CONVERSION = YES;
				CLANG_WARN_OBJC_IMPLICIT_RETAIN_SELF = YES;
				CLANG_WARN_OBJC_LITERAL_CONVERSION = YES;
				CLANG_WARN_OBJC_ROOT_CLASS = YES_ERROR;
				CLANG_WARN_QUOTED_INCLUDE_IN_FRAMEWORK_HEADER = YES;
				CLANG_WARN_RANGE_LOOP_ANALYSIS = YES;
				CLANG_WARN_STRICT_PROTOTYPES = YES;
				CLANG_WARN_SUSPICIOUS_MOVE = YES;
				CLANG_WARN_UNGUARDED_AVAILABILITY = YES_AGGRESSIVE;
				CLANG_WARN_UNREACHABLE_CODE = YES;
				CLANG_WARN__DUPLICATE_METHOD_MATCH = YES;
				CODE_SIGN_STYLE = Automatic;
				COPY_PHASE_STRIP = NO;
				CURRENT_PROJECT_VERSION = 1;
				DEAD_CODE_STRIPPING = YES;
				DEBUG_INFORMATION_FORMAT = "dwarf-with-dsym";
				DEVELOPMENT_TEAM = "";
				ENABLE_NS_ASSERTIONS = NO;
				ENABLE_STRICT_OBJC_MSGSEND = YES;
				ENABLE_USER_SCRIPT_SANDBOXING = YES;
				GCC_C_LANGUAGE_STANDARD = gnu11;
				GCC_NO_COMMON_BLOCKS = YES;
				GCC_TREAT_WARNINGS_AS_ERRORS = YES;
				GCC_WARN_64_TO_32_BIT_CONVERSION = YES;
				GCC_WARN_ABOUT_RETURN_TYPE = YES_ERROR;
				GCC_WARN_UNDECLARED_SELECTOR = YES;
				GCC_WARN_UNINITIALIZED_AUTOS = YES_AGGRESSIVE;
				GCC_WARN_UNUSED_FUNCTION = YES;
				GCC_WARN_UNUSED_VARIABLE = YES;
				IPHONEOS_DEPLOYMENT_TARGET = 18.0;
				MARKETING_VERSION = 1.0;
				MTL_ENABLE_DEBUG_INFO = NO;
				MTL_FAST_MATH = YES;
				PRODUCT_NAME = "$(TARGET_NAME)";
				SWIFT_COMPILATION_MODE = wholemodule;
				SWIFT_OPTIMIZATION_LEVEL = "-O";
				SWIFT_STRICT_CONCURRENCY = complete;
				SWIFT_TREAT_WARNINGS_AS_ERRORS = YES;
				SWIFT_VERSION = 6.0;
				VALIDATE_PRODUCT = YES;
				WATCHOS_DEPLOYMENT_TARGET = 11.0;
			};
			name = Release;
		};
		0FE182FD128CBCA912D6043C /* Debug */ = {
			isa = XCBuildConfiguration;
			buildSettings = {
				BUNDLE_LOADER = "$(TEST_HOST)";
				GENERATE_INFOPLIST_FILE = YES;
				IPHONEOS_DEPLOYMENT_TARGET = 18.0;
				LD_RUNPATH_SEARCH_PATHS = (
					"$(inherited)",
					"@executable_path/Frameworks",
					"@loader_path/Frameworks",
				);
				PRODUCT_BUNDLE_IDENTIFIER = com.rawlins.PersonalOptimization.tests;
				SDKROOT = iphoneos;
				SWIFT_TREAT_WARNINGS_AS_ERRORS = NO;
				TARGETED_DEVICE_FAMILY = "1,2";
				TEST_HOST = "$(BUILT_PRODUCTS_DIR)/PersonalOptimization.app/PersonalOptimization";
			};
			name = Debug;
		};
		160D2C108BD92F643E844FE2 /* Release */ = {
			isa = XCBuildConfiguration;
			buildSettings = {
				CODE_SIGN_ENTITLEMENTS = PersonalOptimizationWatchComplications/PersonalOptimizationWatchComplications.entitlements;
				ENABLE_PREVIEWS = YES;
				INFOPLIST_FILE = PersonalOptimizationWatchComplications/Info.plist;
				INFOPLIST_KEY_CFBundlePackageType = "XPC!";
				LD_RUNPATH_SEARCH_PATHS = (
					"$(inherited)",
					"@executable_path/Frameworks",
					"@executable_path/../../Frameworks",
				);
				PRODUCT_BUNDLE_IDENTIFIER = com.rawlins.PersonalOptimization.watchkitapp.complications;
				SDKROOT = watchos;
				SKIP_INSTALL = YES;
				TARGETED_DEVICE_FAMILY = 4;
				WATCHOS_DEPLOYMENT_TARGET = 11.0;
			};
			name = Release;
		};
		4E55B9C9CED84F1544C4ACAF /* Debug */ = {
			isa = XCBuildConfiguration;
			buildSettings = {
				ASSETCATALOG_COMPILER_APPICON_NAME = AppIcon;
				ASSETCATALOG_COMPILER_GLOBAL_ACCENT_COLOR_NAME = AccentColor;
				CODE_SIGN_ENTITLEMENTS = PersonalOptimization/PersonalOptimization.entitlements;
				CODE_SIGN_IDENTITY = "iPhone Developer";
				DEVELOPMENT_ASSET_PATHS = "";
				ENABLE_PREVIEWS = YES;
				INFOPLIST_FILE = PersonalOptimization/Info.plist;
				IPHONEOS_DEPLOYMENT_TARGET = 18.0;
				LD_RUNPATH_SEARCH_PATHS = (
					"$(inherited)",
					"@executable_path/Frameworks",
				);
				PRODUCT_BUNDLE_IDENTIFIER = com.rawlins.PersonalOptimization;
				SDKROOT = iphoneos;
				SUPPORTS_MACCATALYST = NO;
				SUPPORTS_XR_DESIGNED_FOR_IPHONE_IPAD = NO;
				TARGETED_DEVICE_FAMILY = 1;
			};
			name = Debug;
		};
		60CC56962CCE04EE9F3E6DAD /* Debug */ = {
			isa = XCBuildConfiguration;
			buildSettings = {
				ALWAYS_SEARCH_USER_PATHS = NO;
				CLANG_ANALYZER_NONNULL = YES;
				CLANG_ANALYZER_NUMBER_OBJECT_CONVERSION = YES_AGGRESSIVE;
				CLANG_CXX_LANGUAGE_STANDARD = "gnu++14";
				CLANG_CXX_LIBRARY = "libc++";
				CLANG_ENABLE_MODULES = YES;
				CLANG_ENABLE_OBJC_ARC = YES;
				CLANG_ENABLE_OBJC_WEAK = YES;
				CLANG_WARN_BLOCK_CAPTURE_AUTORELEASING = YES;
				CLANG_WARN_BOOL_CONVERSION = YES;
				CLANG_WARN_COMMA = YES;
				CLANG_WARN_CONSTANT_CONVERSION = YES;
				CLANG_WARN_DEPRECATED_OBJC_IMPLEMENTATIONS = YES;
				CLANG_WARN_DIRECT_OBJC_ISA_USAGE = YES_ERROR;
				CLANG_WARN_DOCUMENTATION_COMMENTS = YES;
				CLANG_WARN_EMPTY_BODY = YES;
				CLANG_WARN_ENUM_CONVERSION = YES;
				CLANG_WARN_INFINITE_RECURSION = YES;
				CLANG_WARN_INT_CONVERSION = YES;
				CLANG_WARN_NON_LITERAL_NULL_CONVERSION = YES;
				CLANG_WARN_OBJC_IMPLICIT_RETAIN_SELF = YES;
				CLANG_WARN_OBJC_LITERAL_CONVERSION = YES;
				CLANG_WARN_OBJC_ROOT_CLASS = YES_ERROR;
				CLANG_WARN_QUOTED_INCLUDE_IN_FRAMEWORK_HEADER = YES;
				CLANG_WARN_RANGE_LOOP_ANALYSIS = YES;
				CLANG_WARN_STRICT_PROTOTYPES = YES;
				CLANG_WARN_SUSPICIOUS_MOVE = YES;
				CLANG_WARN_UNGUARDED_AVAILABILITY = YES_AGGRESSIVE;
				CLANG_WARN_UNREACHABLE_CODE = YES;
				CLANG_WARN__DUPLICATE_METHOD_MATCH = YES;
				CODE_SIGN_STYLE = Automatic;
				COPY_PHASE_STRIP = NO;
				CURRENT_PROJECT_VERSION = 1;
				DEAD_CODE_STRIPPING = YES;
				DEBUG_INFORMATION_FORMAT = dwarf;
				DEVELOPMENT_TEAM = "";
				ENABLE_STRICT_OBJC_MSGSEND = YES;
				ENABLE_TESTABILITY = YES;
				ENABLE_USER_SCRIPT_SANDBOXING = YES;
				GCC_C_LANGUAGE_STANDARD = gnu11;
				GCC_DYNAMIC_NO_PIC = NO;
				GCC_NO_COMMON_BLOCKS = YES;
				GCC_OPTIMIZATION_LEVEL = 0;
				GCC_PREPROCESSOR_DEFINITIONS = (
					"$(inherited)",
					"DEBUG=1",
				);
				GCC_TREAT_WARNINGS_AS_ERRORS = YES;
				GCC_WARN_64_TO_32_BIT_CONVERSION = YES;
				GCC_WARN_ABOUT_RETURN_TYPE = YES_ERROR;
				GCC_WARN_UNDECLARED_SELECTOR = YES;
				GCC_WARN_UNINITIALIZED_AUTOS = YES_AGGRESSIVE;
				GCC_WARN_UNUSED_FUNCTION = YES;
				GCC_WARN_UNUSED_VARIABLE = YES;
				IPHONEOS_DEPLOYMENT_TARGET = 18.0;
				MARKETING_VERSION = 1.0;
				MTL_ENABLE_DEBUG_INFO = INCLUDE_SOURCE;
				MTL_FAST_MATH = YES;
				ONLY_ACTIVE_ARCH = YES;
				PRODUCT_NAME = "$(TARGET_NAME)";
				SWIFT_ACTIVE_COMPILATION_CONDITIONS = DEBUG;
				SWIFT_OPTIMIZATION_LEVEL = "-Onone";
				SWIFT_STRICT_CONCURRENCY = complete;
				SWIFT_TREAT_WARNINGS_AS_ERRORS = YES;
				SWIFT_VERSION = 6.0;
				WATCHOS_DEPLOYMENT_TARGET = 11.0;
			};
			name = Debug;
		};
		816C6F9E96881B65C0550D1A /* Debug */ = {
			isa = XCBuildConfiguration;
			buildSettings = {
				ASSETCATALOG_COMPILER_APPICON_NAME = AppIcon;
				ASSETCATALOG_COMPILER_GLOBAL_ACCENT_COLOR_NAME = AccentColor;
				CODE_SIGN_ENTITLEMENTS = PersonalOptimizationWatch/PersonalOptimizationWatch.entitlements;
				ENABLE_PREVIEWS = YES;
				INFOPLIST_FILE = PersonalOptimizationWatch/Info.plist;
				PRODUCT_BUNDLE_IDENTIFIER = com.rawlins.PersonalOptimization.watchkitapp;
				SDKROOT = watchos;
				SKIP_INSTALL = YES;
				TARGETED_DEVICE_FAMILY = 4;
				WATCHOS_DEPLOYMENT_TARGET = 11.0;
			};
			name = Debug;
		};
		85B1DBBB9A1391FCC99AD3C1 /* Debug */ = {
			isa = XCBuildConfiguration;
			buildSettings = {
				CODE_SIGN_ENTITLEMENTS = PersonalOptimizationWatchComplications/PersonalOptimizationWatchComplications.entitlements;
				ENABLE_PREVIEWS = YES;
				INFOPLIST_FILE = PersonalOptimizationWatchComplications/Info.plist;
				INFOPLIST_KEY_CFBundlePackageType = "XPC!";
				LD_RUNPATH_SEARCH_PATHS = (
					"$(inherited)",
					"@executable_path/Frameworks",
					"@executable_path/../../Frameworks",
				);
				PRODUCT_BUNDLE_IDENTIFIER = com.rawlins.PersonalOptimization.watchkitapp.complications;
				SDKROOT = watchos;
				SKIP_INSTALL = YES;
				TARGETED_DEVICE_FAMILY = 4;
				WATCHOS_DEPLOYMENT_TARGET = 11.0;
			};
			name = Debug;
		};
		C50F31727E073AB22839413A /* Release */ = {
			isa = XCBuildConfiguration;
			buildSettings = {
				BUNDLE_LOADER = "$(TEST_HOST)";
				GENERATE_INFOPLIST_FILE = YES;
				IPHONEOS_DEPLOYMENT_TARGET = 18.0;
				LD_RUNPATH_SEARCH_PATHS = (
					"$(inherited)",
					"@executable_path/Frameworks",
					"@loader_path/Frameworks",
				);
				PRODUCT_BUNDLE_IDENTIFIER = com.rawlins.PersonalOptimization.tests;
				SDKROOT = iphoneos;
				SWIFT_TREAT_WARNINGS_AS_ERRORS = NO;
				TARGETED_DEVICE_FAMILY = "1,2";
				TEST_HOST = "$(BUILT_PRODUCTS_DIR)/PersonalOptimization.app/PersonalOptimization";
			};
			name = Release;
		};
		CE2C8458D07EA75B2E169170 /* Release */ = {
			isa = XCBuildConfiguration;
			buildSettings = {
				ASSETCATALOG_COMPILER_APPICON_NAME = AppIcon;
				ASSETCATALOG_COMPILER_GLOBAL_ACCENT_COLOR_NAME = AccentColor;
				CODE_SIGN_ENTITLEMENTS = PersonalOptimizationWatch/PersonalOptimizationWatch.entitlements;
				ENABLE_PREVIEWS = YES;
				INFOPLIST_FILE = PersonalOptimizationWatch/Info.plist;
				PRODUCT_BUNDLE_IDENTIFIER = com.rawlins.PersonalOptimization.watchkitapp;
				SDKROOT = watchos;
				SKIP_INSTALL = YES;
				TARGETED_DEVICE_FAMILY = 4;
				WATCHOS_DEPLOYMENT_TARGET = 11.0;
			};
			name = Release;
		};
		D42FBC938B0FBC4D9B78E4E5 /* Release */ = {
			isa = XCBuildConfiguration;
			buildSettings = {
				ASSETCATALOG_COMPILER_APPICON_NAME = AppIcon;
				ASSETCATALOG_COMPILER_GLOBAL_ACCENT_COLOR_NAME = AccentColor;
				CODE_SIGN_ENTITLEMENTS = PersonalOptimization/PersonalOptimization.entitlements;
				CODE_SIGN_IDENTITY = "iPhone Developer";
				DEVELOPMENT_ASSET_PATHS = "";
				ENABLE_PREVIEWS = YES;
				INFOPLIST_FILE = PersonalOptimization/Info.plist;
				IPHONEOS_DEPLOYMENT_TARGET = 18.0;
				LD_RUNPATH_SEARCH_PATHS = (
					"$(inherited)",
					"@executable_path/Frameworks",
				);
				PRODUCT_BUNDLE_IDENTIFIER = com.rawlins.PersonalOptimization;
				SDKROOT = iphoneos;
				SUPPORTS_MACCATALYST = NO;
				SUPPORTS_XR_DESIGNED_FOR_IPHONE_IPAD = NO;
				TARGETED_DEVICE_FAMILY = 1;
			};
			name = Release;
		};
/* End XCBuildConfiguration section */

/* Begin XCConfigurationList section */
		0DD3FF0049391A9E7ADAA399 /* Build configuration list for PBXNativeTarget "PersonalOptimizationWatchComplications" */ = {
			isa = XCConfigurationList;
			buildConfigurations = (
				85B1DBBB9A1391FCC99AD3C1 /* Debug */,
				160D2C108BD92F643E844FE2 /* Release */,
			);
			defaultConfigurationIsVisible = 0;
			defaultConfigurationName = Debug;
		};
		84E3FFD5ED06C9E311939903 /* Build configuration list for PBXNativeTarget "PersonalOptimizationTests" */ = {
			isa = XCConfigurationList;
			buildConfigurations = (
				0FE182FD128CBCA912D6043C /* Debug */,
				C50F31727E073AB22839413A /* Release */,
			);
			defaultConfigurationIsVisible = 0;
			defaultConfigurationName = Debug;
		};
		A86BBB99E5EB2EC35292FB0B /* Build configuration list for PBXProject "PersonalOptimization" */ = {
			isa = XCConfigurationList;
			buildConfigurations = (
				60CC56962CCE04EE9F3E6DAD /* Debug */,
				0737A696C570E3AC64F21CFE /* Release */,
			);
			defaultConfigurationIsVisible = 0;
			defaultConfigurationName = Debug;
		};
		ABE87E7E2E3752C1B515918E /* Build configuration list for PBXNativeTarget "PersonalOptimization" */ = {
			isa = XCConfigurationList;
			buildConfigurations = (
				4E55B9C9CED84F1544C4ACAF /* Debug */,
				D42FBC938B0FBC4D9B78E4E5 /* Release */,
			);
			defaultConfigurationIsVisible = 0;
			defaultConfigurationName = Debug;
		};
		F8A3EBCC47C77D4F2AE6D2EC /* Build configuration list for PBXNativeTarget "PersonalOptimizationWatch" */ = {
			isa = XCConfigurationList;
			buildConfigurations = (
				816C6F9E96881B65C0550D1A /* Debug */,
				CE2C8458D07EA75B2E169170 /* Release */,
			);
			defaultConfigurationIsVisible = 0;
			defaultConfigurationName = Debug;
		};
/* End XCConfigurationList section */
	};
	rootObject = 496A0317F23D5B15FD688A31 /* Project object */;
}
